// !$*UTF8*$!
{
	archiveVersion = 1;
	classes = {
	};
	objectVersion = 46;
	objects = {

/* Begin PBXBuildFile section */
		1A198EE21234C7B60074DEB6 /* ARRSSFeedCache.m in Sources */ = {isa = PBXBuildFile; fileRef = 1A198EE11234C7B60074DEB6 /* ARRSSFeedCache.m */; };
		1A19902A1234EBA00074DEB6 /* libz.dylib in Frameworks */ = {isa = PBXBuildFile; fileRef = 1A1990291234EBA00074DEB6 /* libz.dylib */; };
		1A19B62A122D191B00924F72 /* ARStorageManager.m in Sources */ = {isa = PBXBuildFile; fileRef = 1A19B629122D191B00924F72 /* ARStorageManager.m */; };
		1A19B6E5122D313300924F72 /* ARAppDetailsWindowController.m in Sources */ = {isa = PBXBuildFile; fileRef = 1A19B6E4122D313300924F72 /* ARAppDetailsWindowController.m */; };
		1A19B8B2122D62E100924F72 /* AREnumValueTransformer.m in Sources */ = {isa = PBXBuildFile; fileRef = 1A19B8B1122D62E100924F72 /* AREnumValueTransformer.m */; };
		1A19B8D6122D6AEE00924F72 /* ARTempCategoryTuple.m in Sources */ = {isa = PBXBuildFile; fileRef = 1A19B8D5122D6AEE00924F72 /* ARTempCategoryTuple.m */; };
		1A1CE65A123279D0006FACB9 /* ARBoolValueTransformer.m in Sources */ = {isa = PBXBuildFile; fileRef = 1A1CE659123279D0006FACB9 /* ARBoolValueTransformer.m */; };
		1A1CE79E12329291006FACB9 /* zoom-cursor.png in Resources */ = {isa = PBXBuildFile; fileRef = 1A1CE79D12329291006FACB9 /* zoom-cursor.png */; };
		1A2D2D181223B7580074AE7F /* AppRankingAppDelegate.m in Sources */ = {isa = PBXBuildFile; fileRef = 1A2D2D011223B7580074AE7F /* AppRankingAppDelegate.m */; };
		1A2D2D191223B7580074AE7F /* ARApplication.m in Sources */ = {isa = PBXBuildFile; fileRef = 1A2D2D031223B7580074AE7F /* ARApplication.m */; };
		1A2D2D1A1223B7580074AE7F /* ARCategoryTuple.m in Sources */ = {isa = PBXBuildFile; fileRef = 1A2D2D051223B7580074AE7F /* ARCategoryTuple.m */; };
		1A2D2D1B1223B7580074AE7F /* ARConfiguration.m in Sources */ = {isa = PBXBuildFile; fileRef = 1A2D2D071223B7580074AE7F /* ARConfiguration.m */; };
		1A2D2D1C1223B7580074AE7F /* ARRankQuery.m in Sources */ = {isa = PBXBuildFile; fileRef = 1A2D2D091223B7580074AE7F /* ARRankQuery.m */; };
		1A2D2D221223B7580074AE7F /* SBJSON+Additions.m in Sources */ = {isa = PBXBuildFile; fileRef = 1A2D2D171223B7580074AE7F /* SBJSON+Additions.m */; };
		1A2D2D291223B77A0074AE7F /* genres.json in Resources */ = {isa = PBXBuildFile; fileRef = 1A2D2D251223B77A0074AE7F /* genres.json */; };
		1A2D2EBD122560460074AE7F /* ARMainViewController.m in Sources */ = {isa = PBXBuildFile; fileRef = 1A2D2EBC122560460074AE7F /* ARMainViewController.m */; };
		1A2E18A9147D345400C5E9A9 /* ARDataPoint.m in Sources */ = {isa = PBXBuildFile; fileRef = 1A2E18A4147D345400C5E9A9 /* ARDataPoint.m */; };
		1A2E18AA147D345400C5E9A9 /* ARGraphView.m in Sources */ = {isa = PBXBuildFile; fileRef = 1A2E18A6147D345400C5E9A9 /* ARGraphView.m */; };
		1A2E18AB147D345400C5E9A9 /* ARSeries.m in Sources */ = {isa = PBXBuildFile; fileRef = 1A2E18A8147D345400C5E9A9 /* ARSeries.m */; };
		1A45D9B4122640D500A1DF36 /* Sparkle.framework in Frameworks */ = {isa = PBXBuildFile; fileRef = 1A45D9B2122640D500A1DF36 /* Sparkle.framework */; };
		1A45D9EE122640FE00A1DF36 /* Sparkle.framework in Copy Frameworks */ = {isa = PBXBuildFile; fileRef = 1A45D9B2122640D500A1DF36 /* Sparkle.framework */; };
		1A45D9F51226430400A1DF36 /* dsa_pub.pem in Resources */ = {isa = PBXBuildFile; fileRef = 1A45D9F41226430400A1DF36 /* dsa_pub.pem */; };
		1A5A3C6C122568B800F08485 /* ARTreeNode.m in Sources */ = {isa = PBXBuildFile; fileRef = 1A5A3C6A122568B800F08485 /* ARTreeNode.m */; };
		1A5A3CFC1225965A00F08485 /* ARStatusView.m in Sources */ = {isa = PBXBuildFile; fileRef = 1A5A3CFB1225965A00F08485 /* ARStatusView.m */; };
		1A5A3E531225B91A00F08485 /* ARStatusViewController.m in Sources */ = {isa = PBXBuildFile; fileRef = 1A5A3E521225B91A00F08485 /* ARStatusViewController.m */; };
		1A5A3EBC1225C14A00F08485 /* StatusView.xib in Resources */ = {isa = PBXBuildFile; fileRef = 1A5A3EBB1225C14A00F08485 /* StatusView.xib */; };
		1A5A3EC31225C16500F08485 /* icon.icns in Resources */ = {isa = PBXBuildFile; fileRef = 1A5A3EBD1225C16500F08485 /* icon.icns */; };
		1A5A3EC41225C16500F08485 /* info.icns in Resources */ = {isa = PBXBuildFile; fileRef = 1A5A3EBE1225C16500F08485 /* info.icns */; };
		1A5A3EC51225C16500F08485 /* refresh.icns in Resources */ = {isa = PBXBuildFile; fileRef = 1A5A3EBF1225C16500F08485 /* refresh.icns */; };
		1A5A3EC61225C16500F08485 /* status-view-center.png in Resources */ = {isa = PBXBuildFile; fileRef = 1A5A3EC01225C16500F08485 /* status-view-center.png */; };
		1A5A3EC71225C16500F08485 /* status-view-left.png in Resources */ = {isa = PBXBuildFile; fileRef = 1A5A3EC11225C16500F08485 /* status-view-left.png */; };
		1A5A3EC81225C16500F08485 /* status-view-right.png in Resources */ = {isa = PBXBuildFile; fileRef = 1A5A3EC21225C16500F08485 /* status-view-right.png */; };
		1A6633731230F9A000D623D3 /* ARStorageManager+Testing.m in Sources */ = {isa = PBXBuildFile; fileRef = 1A6633721230F9A000D623D3 /* ARStorageManager+Testing.m */; };
		1A66341212310AD500D623D3 /* ARColor.m in Sources */ = {isa = PBXBuildFile; fileRef = 1A66341112310AD500D623D3 /* ARColor.m */; };
		1A6E08CF1233CE4600168560 /* ARStochasticRankGenerator.m in Sources */ = {isa = PBXBuildFile; fileRef = 1A6E08CE1233CE4600168560 /* ARStochasticRankGenerator.m */; };
		1A70CC2D1226D43F0031E8CF /* stop.icns in Resources */ = {isa = PBXBuildFile; fileRef = 1A70CC2C1226D43F0031E8CF /* stop.icns */; };
		1A79EDAB1231525F007C5AC8 /* ARChartImageView.m in Sources */ = {isa = PBXBuildFile; fileRef = 1A79EDAA1231525F007C5AC8 /* ARChartImageView.m */; };
		1A8A0DDB1238E4E900BC399C /* NSBezierPath+MCAdditions.m in Sources */ = {isa = PBXBuildFile; fileRef = 1A8A0DD61238E4E900BC399C /* NSBezierPath+MCAdditions.m */; settings = {COMPILER_FLAGS = "-fno-objc-arc"; }; };
		1A8A0DDC1238E4E900BC399C /* NSBezierPath+PXRoundedRectangleAdditions.m in Sources */ = {isa = PBXBuildFile; fileRef = 1A8A0DD81238E4E900BC399C /* NSBezierPath+PXRoundedRectangleAdditions.m */; };
		1A8A0DDD1238E4E900BC399C /* TSPProgressIndicator.m in Sources */ = {isa = PBXBuildFile; fileRef = 1A8A0DDA1238E4E900BC399C /* TSPProgressIndicator.m */; settings = {COMPILER_FLAGS = "-fno-objc-arc"; }; };
		1A8A0DE11238E4FB00BC399C /* GTMNSData+zlib.m in Sources */ = {isa = PBXBuildFile; fileRef = 1A8A0DE01238E4FB00BC399C /* GTMNSData+zlib.m */; };
		1A8A0DE41238E50900BC399C /* SidebarBadgeCell.m in Sources */ = {isa = PBXBuildFile; fileRef = 1A8A0DE31238E50900BC399C /* SidebarBadgeCell.m */; settings = {COMPILER_FLAGS = "-fno-objc-arc"; }; };
		1A8A0DF11238E51A00BC399C /* NSObject+SBJSON.m in Sources */ = {isa = PBXBuildFile; fileRef = 1A8A0DE81238E51A00BC399C /* NSObject+SBJSON.m */; settings = {COMPILER_FLAGS = "-fno-objc-arc"; }; };
		1A8A0DF21238E51A00BC399C /* NSString+SBJSON.m in Sources */ = {isa = PBXBuildFile; fileRef = 1A8A0DEA1238E51A00BC399C /* NSString+SBJSON.m */; settings = {COMPILER_FLAGS = "-fno-objc-arc"; }; };
		1A8A0DF31238E51A00BC399C /* SBJsonBase.m in Sources */ = {isa = PBXBuildFile; fileRef = 1A8A0DEC1238E51A00BC399C /* SBJsonBase.m */; settings = {COMPILER_FLAGS = "-fno-objc-arc"; }; };
		1A8A0DF41238E51A00BC399C /* SBJsonParser.m in Sources */ = {isa = PBXBuildFile; fileRef = 1A8A0DEE1238E51A00BC399C /* SBJsonParser.m */; settings = {COMPILER_FLAGS = "-fno-objc-arc"; }; };
		1A8A0DF51238E51A00BC399C /* SBJsonWriter.m in Sources */ = {isa = PBXBuildFile; fileRef = 1A8A0DF01238E51A00BC399C /* SBJsonWriter.m */; settings = {COMPILER_FLAGS = "-fno-objc-arc"; }; };
		1AB27706122E8185006CFC8F /* ARRankEntry.m in Sources */ = {isa = PBXBuildFile; fileRef = 1AB27705122E8185006CFC8F /* ARRankEntry.m */; };
		1AB34ED5123ABFB100194E86 /* Growl.framework in Frameworks */ = {isa = PBXBuildFile; fileRef = 1AB34ED4123ABFB100194E86 /* Growl.framework */; };
		1AB34ED8123ABFC000194E86 /* Growl.framework in Copy Frameworks */ = {isa = PBXBuildFile; fileRef = 1AB34ED4123ABFB100194E86 /* Growl.framework */; };
		1AB34EFA123AC2D400194E86 /* Growl Registration Ticket.growlRegDict in Resources */ = {isa = PBXBuildFile; fileRef = 1AB34EF9123AC2D400194E86 /* Growl Registration Ticket.growlRegDict */; };
		1AB6CF16144DA6AB006D317B /* AppDetailsWindow.xib in Resources */ = {isa = PBXBuildFile; fileRef = 1AB6CF18144DA6AB006D317B /* AppDetailsWindow.xib */; };
		1AC3A2C1144D7AF00066C0EB /* countries.json in Resources */ = {isa = PBXBuildFile; fileRef = 1AC3A2C0144D7AF00066C0EB /* countries.json */; };
		1AC3A2C5144D7F610066C0EB /* ARMainViewController.xib in Resources */ = {isa = PBXBuildFile; fileRef = 1AC3A2C7144D7F610066C0EB /* ARMainViewController.xib */; };
		1ACEBF36122FDD1C007D5C1A /* ARGoogleChart.m in Sources */ = {isa = PBXBuildFile; fileRef = 1ACEBF35122FDD1C007D5C1A /* ARGoogleChart.m */; };
		1ACEC0E7123031DC007D5C1A /* ARChartViewController.m in Sources */ = {isa = PBXBuildFile; fileRef = 1ACEC0E6123031DC007D5C1A /* ARChartViewController.m */; };
		1ACEC0EF12303291007D5C1A /* ChartView.xib in Resources */ = {isa = PBXBuildFile; fileRef = 1ACEC0EE12303291007D5C1A /* ChartView.xib */; };
		1ADAFD15122E881F007A2396 /* AppRanking.xcdatamodeld in Sources */ = {isa = PBXBuildFile; fileRef = 1ADAFD14122E881F007A2396 /* AppRanking.xcdatamodeld */; };
		1DDD58160DA1D0A300B32029 /* MainMenu.xib in Resources */ = {isa = PBXBuildFile; fileRef = 1DDD58140DA1D0A300B32029 /* MainMenu.xib */; };
		8D11072B0486CEB800E47090 /* InfoPlist.strings in Resources */ = {isa = PBXBuildFile; fileRef = 089C165CFE840E0CC02AAC07 /* InfoPlist.strings */; };
		8D11072D0486CEB800E47090 /* main.m in Sources */ = {isa = PBXBuildFile; fileRef = 29B97316FDCFA39411CA2CEA /* main.m */; settings = {ATTRIBUTES = (); }; };
		8D11072F0486CEB800E47090 /* Cocoa.framework in Frameworks */ = {isa = PBXBuildFile; fileRef = 1058C7A1FEA54F0111CA2CBB /* Cocoa.framework */; };
/* End PBXBuildFile section */

/* Begin PBXCopyFilesBuildPhase section */
		1A2D2F1B1225632F0074AE7F /* Copy Frameworks */ = {
			isa = PBXCopyFilesBuildPhase;
			buildActionMask = 2147483647;
			dstPath = "";
			dstSubfolderSpec = 10;
			files = (
				1AB34ED8123ABFC000194E86 /* Growl.framework in Copy Frameworks */,
				1A45D9EE122640FE00A1DF36 /* Sparkle.framework in Copy Frameworks */,
			);
			name = "Copy Frameworks";
			runOnlyForDeploymentPostprocessing = 0;
		};
/* End PBXCopyFilesBuildPhase section */

/* Begin PBXFileReference section */
		089C165DFE840E0CC02AAC07 /* English */ = {isa = PBXFileReference; fileEncoding = 4; lastKnownFileType = text.plist.strings; name = English; path = English.lproj/InfoPlist.strings; sourceTree = "<group>"; };
		1058C7A1FEA54F0111CA2CBB /* Cocoa.framework */ = {isa = PBXFileReference; lastKnownFileType = wrapper.framework; name = Cocoa.framework; path = /System/Library/Frameworks/Cocoa.framework; sourceTree = "<absolute>"; };
		13E42FB307B3F0F600E4EEF1 /* CoreData.framework */ = {isa = PBXFileReference; lastKnownFileType = wrapper.framework; name = CoreData.framework; path = /System/Library/Frameworks/CoreData.framework; sourceTree = "<absolute>"; };
		1A08FA4D12AF9926009ABF72 /* AppRanking-3.xcdatamodel */ = {isa = PBXFileReference; lastKnownFileType = wrapper.xcdatamodel; path = "AppRanking-3.xcdatamodel"; sourceTree = "<group>"; };
		1A198EE01234C7B60074DEB6 /* ARRSSFeedCache.h */ = {isa = PBXFileReference; fileEncoding = 4; lastKnownFileType = sourcecode.c.h; path = ARRSSFeedCache.h; sourceTree = "<group>"; };
		1A198EE11234C7B60074DEB6 /* ARRSSFeedCache.m */ = {isa = PBXFileReference; fileEncoding = 4; lastKnownFileType = sourcecode.c.objc; path = ARRSSFeedCache.m; sourceTree = "<group>"; };
		1A1990291234EBA00074DEB6 /* libz.dylib */ = {isa = PBXFileReference; lastKnownFileType = "compiled.mach-o.dylib"; name = libz.dylib; path = usr/lib/libz.dylib; sourceTree = SDKROOT; };
		1A19B624122D115600924F72 /* AppRanking-1.xcdatamodel */ = {isa = PBXFileReference; fileEncoding = 4; lastKnownFileType = wrapper.xcdatamodel; path = "AppRanking-1.xcdatamodel"; sourceTree = "<group>"; };
		1A19B628122D191B00924F72 /* ARStorageManager.h */ = {isa = PBXFileReference; fileEncoding = 4; lastKnownFileType = sourcecode.c.h; lineEnding = 0; path = ARStorageManager.h; sourceTree = "<group>"; xcLanguageSpecificationIdentifier = xcode.lang.objcpp; };
		1A19B629122D191B00924F72 /* ARStorageManager.m */ = {isa = PBXFileReference; fileEncoding = 4; lastKnownFileType = sourcecode.c.objc; lineEnding = 0; path = ARStorageManager.m; sourceTree = "<group>"; xcLanguageSpecificationIdentifier = xcode.lang.objc; };
		1A19B6E3122D313300924F72 /* ARAppDetailsWindowController.h */ = {isa = PBXFileReference; fileEncoding = 4; lastKnownFileType = sourcecode.c.h; lineEnding = 0; path = ARAppDetailsWindowController.h; sourceTree = "<group>"; xcLanguageSpecificationIdentifier = xcode.lang.objcpp; };
		1A19B6E4122D313300924F72 /* ARAppDetailsWindowController.m */ = {isa = PBXFileReference; fileEncoding = 4; lastKnownFileType = sourcecode.c.objc; path = ARAppDetailsWindowController.m; sourceTree = "<group>"; };
		1A19B8B0122D62E100924F72 /* AREnumValueTransformer.h */ = {isa = PBXFileReference; fileEncoding = 4; lastKnownFileType = sourcecode.c.h; path = AREnumValueTransformer.h; sourceTree = "<group>"; };
		1A19B8B1122D62E100924F72 /* AREnumValueTransformer.m */ = {isa = PBXFileReference; fileEncoding = 4; lastKnownFileType = sourcecode.c.objc; path = AREnumValueTransformer.m; sourceTree = "<group>"; };
		1A19B8D4122D6AEE00924F72 /* ARTempCategoryTuple.h */ = {isa = PBXFileReference; fileEncoding = 4; lastKnownFileType = sourcecode.c.h; lineEnding = 0; path = ARTempCategoryTuple.h; sourceTree = "<group>"; xcLanguageSpecificationIdentifier = xcode.lang.objcpp; };
		1A19B8D5122D6AEE00924F72 /* ARTempCategoryTuple.m */ = {isa = PBXFileReference; fileEncoding = 4; lastKnownFileType = sourcecode.c.objc; path = ARTempCategoryTuple.m; sourceTree = "<group>"; };
		1A1CE658123279D0006FACB9 /* ARBoolValueTransformer.h */ = {isa = PBXFileReference; fileEncoding = 4; lastKnownFileType = sourcecode.c.h; path = ARBoolValueTransformer.h; sourceTree = "<group>"; };
		1A1CE659123279D0006FACB9 /* ARBoolValueTransformer.m */ = {isa = PBXFileReference; fileEncoding = 4; lastKnownFileType = sourcecode.c.objc; path = ARBoolValueTransformer.m; sourceTree = "<group>"; };
		1A1CE79D12329291006FACB9 /* zoom-cursor.png */ = {isa = PBXFileReference; lastKnownFileType = image.png; name = "zoom-cursor.png"; path = "Resources/Images/zoom-cursor.png"; sourceTree = "<group>"; };
		1A2D2D001223B7580074AE7F /* AppRankingAppDelegate.h */ = {isa = PBXFileReference; fileEncoding = 4; lastKnownFileType = sourcecode.c.h; path = AppRankingAppDelegate.h; sourceTree = "<group>"; };
		1A2D2D011223B7580074AE7F /* AppRankingAppDelegate.m */ = {isa = PBXFileReference; fileEncoding = 4; lastKnownFileType = sourcecode.c.objc; path = AppRankingAppDelegate.m; sourceTree = "<group>"; };
		1A2D2D021223B7580074AE7F /* ARApplication.h */ = {isa = PBXFileReference; fileEncoding = 4; lastKnownFileType = sourcecode.c.h; lineEnding = 0; path = ARApplication.h; sourceTree = "<group>"; xcLanguageSpecificationIdentifier = xcode.lang.objcpp; };
		1A2D2D031223B7580074AE7F /* ARApplication.m */ = {isa = PBXFileReference; fileEncoding = 4; lastKnownFileType = sourcecode.c.objc; path = ARApplication.m; sourceTree = "<group>"; };
		1A2D2D041223B7580074AE7F /* ARCategoryTuple.h */ = {isa = PBXFileReference; fileEncoding = 4; lastKnownFileType = sourcecode.c.h; lineEnding = 0; path = ARCategoryTuple.h; sourceTree = "<group>"; xcLanguageSpecificationIdentifier = xcode.lang.objcpp; };
		1A2D2D051223B7580074AE7F /* ARCategoryTuple.m */ = {isa = PBXFileReference; fileEncoding = 4; lastKnownFileType = sourcecode.c.objc; path = ARCategoryTuple.m; sourceTree = "<group>"; };
		1A2D2D061223B7580074AE7F /* ARConfiguration.h */ = {isa = PBXFileReference; fileEncoding = 4; lastKnownFileType = sourcecode.c.h; lineEnding = 0; path = ARConfiguration.h; sourceTree = "<group>"; xcLanguageSpecificationIdentifier = xcode.lang.objcpp; };
		1A2D2D071223B7580074AE7F /* ARConfiguration.m */ = {isa = PBXFileReference; fileEncoding = 4; lastKnownFileType = sourcecode.c.objc; lineEnding = 0; path = ARConfiguration.m; sourceTree = "<group>"; xcLanguageSpecificationIdentifier = xcode.lang.objc; };
		1A2D2D081223B7580074AE7F /* ARRankQuery.h */ = {isa = PBXFileReference; fileEncoding = 4; lastKnownFileType = sourcecode.c.h; lineEnding = 0; path = ARRankQuery.h; sourceTree = "<group>"; xcLanguageSpecificationIdentifier = xcode.lang.objcpp; };
		1A2D2D091223B7580074AE7F /* ARRankQuery.m */ = {isa = PBXFileReference; fileEncoding = 4; lastKnownFileType = sourcecode.c.objc; path = ARRankQuery.m; sourceTree = "<group>"; };
		1A2D2D161223B7580074AE7F /* SBJSON+Additions.h */ = {isa = PBXFileReference; fileEncoding = 4; lastKnownFileType = sourcecode.c.h; path = "SBJSON+Additions.h"; sourceTree = "<group>"; };
		1A2D2D171223B7580074AE7F /* SBJSON+Additions.m */ = {isa = PBXFileReference; fileEncoding = 4; lastKnownFileType = sourcecode.c.objc; path = "SBJSON+Additions.m"; sourceTree = "<group>"; };
		1A2D2D251223B77A0074AE7F /* genres.json */ = {isa = PBXFileReference; fileEncoding = 4; lastKnownFileType = text; name = genres.json; path = Resources/genres.json; sourceTree = "<group>"; };
		1A2D2EBB122560460074AE7F /* ARMainViewController.h */ = {isa = PBXFileReference; fileEncoding = 4; lastKnownFileType = sourcecode.c.h; lineEnding = 0; path = ARMainViewController.h; sourceTree = "<group>"; xcLanguageSpecificationIdentifier = xcode.lang.objcpp; };
		1A2D2EBC122560460074AE7F /* ARMainViewController.m */ = {isa = PBXFileReference; fileEncoding = 4; lastKnownFileType = sourcecode.c.objc; lineEnding = 0; path = ARMainViewController.m; sourceTree = "<group>"; xcLanguageSpecificationIdentifier = xcode.lang.objc; };
		1A2E18A3147D345400C5E9A9 /* ARDataPoint.h */ = {isa = PBXFileReference; fileEncoding = 4; lastKnownFileType = sourcecode.c.h; path = ARDataPoint.h; sourceTree = "<group>"; };
		1A2E18A4147D345400C5E9A9 /* ARDataPoint.m */ = {isa = PBXFileReference; fileEncoding = 4; lastKnownFileType = sourcecode.c.objc; path = ARDataPoint.m; sourceTree = "<group>"; };
		1A2E18A5147D345400C5E9A9 /* ARGraphView.h */ = {isa = PBXFileReference; fileEncoding = 4; lastKnownFileType = sourcecode.c.h; path = ARGraphView.h; sourceTree = "<group>"; };
		1A2E18A6147D345400C5E9A9 /* ARGraphView.m */ = {isa = PBXFileReference; fileEncoding = 4; lastKnownFileType = sourcecode.c.objc; path = ARGraphView.m; sourceTree = "<group>"; };
		1A2E18A7147D345400C5E9A9 /* ARSeries.h */ = {isa = PBXFileReference; fileEncoding = 4; lastKnownFileType = sourcecode.c.h; path = ARSeries.h; sourceTree = "<group>"; };
		1A2E18A8147D345400C5E9A9 /* ARSeries.m */ = {isa = PBXFileReference; fileEncoding = 4; lastKnownFileType = sourcecode.c.objc; path = ARSeries.m; sourceTree = "<group>"; };
		1A2E18AF147D3E8F00C5E9A9 /* ARChartViewControllerDelegate.h */ = {isa = PBXFileReference; fileEncoding = 4; lastKnownFileType = sourcecode.c.h; path = ARChartViewControllerDelegate.h; sourceTree = "<group>"; };
		1A45D9B2122640D500A1DF36 /* Sparkle.framework */ = {isa = PBXFileReference; lastKnownFileType = wrapper.framework; name = Sparkle.framework; path = Frameworks/Sparkle.framework; sourceTree = "<group>"; };
		1A45D9F41226430400A1DF36 /* dsa_pub.pem */ = {isa = PBXFileReference; fileEncoding = 4; lastKnownFileType = text; name = dsa_pub.pem; path = Resources/Keys/dsa_pub.pem; sourceTree = "<group>"; };
		1A5A3C69122568B800F08485 /* ARTreeNode.h */ = {isa = PBXFileReference; fileEncoding = 4; lastKnownFileType = sourcecode.c.h; path = ARTreeNode.h; sourceTree = "<group>"; };
		1A5A3C6A122568B800F08485 /* ARTreeNode.m */ = {isa = PBXFileReference; fileEncoding = 4; lastKnownFileType = sourcecode.c.objc; path = ARTreeNode.m; sourceTree = "<group>"; };
		1A5A3CFA1225965A00F08485 /* ARStatusView.h */ = {isa = PBXFileReference; fileEncoding = 4; lastKnownFileType = sourcecode.c.h; path = ARStatusView.h; sourceTree = "<group>"; };
		1A5A3CFB1225965A00F08485 /* ARStatusView.m */ = {isa = PBXFileReference; fileEncoding = 4; lastKnownFileType = sourcecode.c.objc; path = ARStatusView.m; sourceTree = "<group>"; };
		1A5A3E4E1225B81500F08485 /* English */ = {isa = PBXFileReference; lastKnownFileType = file.xib; name = English; path = English.lproj/StatusView.xib; sourceTree = "<group>"; };
		1A5A3E511225B91A00F08485 /* ARStatusViewController.h */ = {isa = PBXFileReference; fileEncoding = 4; lastKnownFileType = sourcecode.c.h; lineEnding = 0; path = ARStatusViewController.h; sourceTree = "<group>"; xcLanguageSpecificationIdentifier = xcode.lang.objcpp; };
		1A5A3E521225B91A00F08485 /* ARStatusViewController.m */ = {isa = PBXFileReference; fileEncoding = 4; lastKnownFileType = sourcecode.c.objc; path = ARStatusViewController.m; sourceTree = "<group>"; };
		1A5A3E581225BBB000F08485 /* QuartzCore.framework */ = {isa = PBXFileReference; lastKnownFileType = wrapper.framework; name = QuartzCore.framework; path = System/Library/Frameworks/QuartzCore.framework; sourceTree = SDKROOT; };
		1A5A3EBD1225C16500F08485 /* icon.icns */ = {isa = PBXFileReference; lastKnownFileType = image.icns; name = icon.icns; path = Resources/Images/icon.icns; sourceTree = "<group>"; };
		1A5A3EBE1225C16500F08485 /* info.icns */ = {isa = PBXFileReference; lastKnownFileType = image.icns; name = info.icns; path = Resources/Images/info.icns; sourceTree = "<group>"; };
		1A5A3EBF1225C16500F08485 /* refresh.icns */ = {isa = PBXFileReference; lastKnownFileType = image.icns; name = refresh.icns; path = Resources/Images/refresh.icns; sourceTree = "<group>"; };
		1A5A3EC01225C16500F08485 /* status-view-center.png */ = {isa = PBXFileReference; lastKnownFileType = image.png; name = "status-view-center.png"; path = "Resources/Images/status-view-center.png"; sourceTree = "<group>"; };
		1A5A3EC11225C16500F08485 /* status-view-left.png */ = {isa = PBXFileReference; lastKnownFileType = image.png; name = "status-view-left.png"; path = "Resources/Images/status-view-left.png"; sourceTree = "<group>"; };
		1A5A3EC21225C16500F08485 /* status-view-right.png */ = {isa = PBXFileReference; lastKnownFileType = image.png; name = "status-view-right.png"; path = "Resources/Images/status-view-right.png"; sourceTree = "<group>"; };
		1A6633711230F9A000D623D3 /* ARStorageManager+Testing.h */ = {isa = PBXFileReference; fileEncoding = 4; lastKnownFileType = sourcecode.c.h; path = "ARStorageManager+Testing.h"; sourceTree = "<group>"; };
		1A6633721230F9A000D623D3 /* ARStorageManager+Testing.m */ = {isa = PBXFileReference; fileEncoding = 4; lastKnownFileType = sourcecode.c.objc; path = "ARStorageManager+Testing.m"; sourceTree = "<group>"; };
		1A66341012310AD500D623D3 /* ARColor.h */ = {isa = PBXFileReference; fileEncoding = 4; lastKnownFileType = sourcecode.c.h; path = ARColor.h; sourceTree = "<group>"; };
		1A66341112310AD500D623D3 /* ARColor.m */ = {isa = PBXFileReference; fileEncoding = 4; lastKnownFileType = sourcecode.c.objc; path = ARColor.m; sourceTree = "<group>"; };
		1A6E08CD1233CE4600168560 /* ARStochasticRankGenerator.h */ = {isa = PBXFileReference; fileEncoding = 4; lastKnownFileType = sourcecode.c.h; path = ARStochasticRankGenerator.h; sourceTree = "<group>"; };
		1A6E08CE1233CE4600168560 /* ARStochasticRankGenerator.m */ = {isa = PBXFileReference; fileEncoding = 4; lastKnownFileType = sourcecode.c.objc; path = ARStochasticRankGenerator.m; sourceTree = "<group>"; };
		1A70CC2C1226D43F0031E8CF /* stop.icns */ = {isa = PBXFileReference; lastKnownFileType = image.icns; name = stop.icns; path = Resources/Images/stop.icns; sourceTree = "<group>"; };
		1A79EDA91231525F007C5AC8 /* ARChartImageView.h */ = {isa = PBXFileReference; fileEncoding = 4; lastKnownFileType = sourcecode.c.h; lineEnding = 0; path = ARChartImageView.h; sourceTree = "<group>"; xcLanguageSpecificationIdentifier = xcode.lang.objcpp; };
		1A79EDAA1231525F007C5AC8 /* ARChartImageView.m */ = {isa = PBXFileReference; fileEncoding = 4; lastKnownFileType = sourcecode.c.objc; lineEnding = 0; path = ARChartImageView.m; sourceTree = "<group>"; xcLanguageSpecificationIdentifier = xcode.lang.objc; };
		1A8A0DD51238E4E900BC399C /* NSBezierPath+MCAdditions.h */ = {isa = PBXFileReference; fileEncoding = 4; lastKnownFileType = sourcecode.c.h; name = "NSBezierPath+MCAdditions.h"; path = "Third Party/TSPProgressIndicator/NSBezierPath+MCAdditions.h"; sourceTree = "<group>"; };
		1A8A0DD61238E4E900BC399C /* NSBezierPath+MCAdditions.m */ = {isa = PBXFileReference; fileEncoding = 4; lastKnownFileType = sourcecode.c.objc; name = "NSBezierPath+MCAdditions.m"; path = "Third Party/TSPProgressIndicator/NSBezierPath+MCAdditions.m"; sourceTree = "<group>"; };
		1A8A0DD71238E4E900BC399C /* NSBezierPath+PXRoundedRectangleAdditions.h */ = {isa = PBXFileReference; fileEncoding = 4; lastKnownFileType = sourcecode.c.h; name = "NSBezierPath+PXRoundedRectangleAdditions.h"; path = "Third Party/TSPProgressIndicator/NSBezierPath+PXRoundedRectangleAdditions.h"; sourceTree = "<group>"; };
		1A8A0DD81238E4E900BC399C /* NSBezierPath+PXRoundedRectangleAdditions.m */ = {isa = PBXFileReference; fileEncoding = 4; lastKnownFileType = sourcecode.c.objc; name = "NSBezierPath+PXRoundedRectangleAdditions.m"; path = "Third Party/TSPProgressIndicator/NSBezierPath+PXRoundedRectangleAdditions.m"; sourceTree = "<group>"; };
		1A8A0DD91238E4E900BC399C /* TSPProgressIndicator.h */ = {isa = PBXFileReference; fileEncoding = 4; lastKnownFileType = sourcecode.c.h; lineEnding = 0; name = TSPProgressIndicator.h; path = "Third Party/TSPProgressIndicator/TSPProgressIndicator.h"; sourceTree = "<group>"; xcLanguageSpecificationIdentifier = xcode.lang.objcpp; };
		1A8A0DDA1238E4E900BC399C /* TSPProgressIndicator.m */ = {isa = PBXFileReference; fileEncoding = 4; lastKnownFileType = sourcecode.c.objc; name = TSPProgressIndicator.m; path = "Third Party/TSPProgressIndicator/TSPProgressIndicator.m"; sourceTree = "<group>"; };
		1A8A0DDE1238E4FB00BC399C /* GTMDefines.h */ = {isa = PBXFileReference; fileEncoding = 4; lastKnownFileType = sourcecode.c.h; name = GTMDefines.h; path = "Third Party/Google Toolbox for Mac/GTMDefines.h"; sourceTree = "<group>"; };
		1A8A0DDF1238E4FB00BC399C /* GTMNSData+zlib.h */ = {isa = PBXFileReference; fileEncoding = 4; lastKnownFileType = sourcecode.c.h; name = "GTMNSData+zlib.h"; path = "Third Party/Google Toolbox for Mac/GTMNSData+zlib.h"; sourceTree = "<group>"; };
		1A8A0DE01238E4FB00BC399C /* GTMNSData+zlib.m */ = {isa = PBXFileReference; fileEncoding = 4; lastKnownFileType = sourcecode.c.objc; name = "GTMNSData+zlib.m"; path = "Third Party/Google Toolbox for Mac/GTMNSData+zlib.m"; sourceTree = "<group>"; };
		1A8A0DE21238E50900BC399C /* SidebarBadgeCell.h */ = {isa = PBXFileReference; fileEncoding = 4; lastKnownFileType = sourcecode.c.h; name = SidebarBadgeCell.h; path = "Third Party/SidebarBadgeCell.h"; sourceTree = "<group>"; };
		1A8A0DE31238E50900BC399C /* SidebarBadgeCell.m */ = {isa = PBXFileReference; fileEncoding = 4; lastKnownFileType = sourcecode.c.objc; lineEnding = 0; name = SidebarBadgeCell.m; path = "Third Party/SidebarBadgeCell.m"; sourceTree = "<group>"; xcLanguageSpecificationIdentifier = xcode.lang.objc; };
		1A8A0DE61238E51A00BC399C /* JSON.h */ = {isa = PBXFileReference; fileEncoding = 4; lastKnownFileType = sourcecode.c.h; lineEnding = 0; path = JSON.h; sourceTree = "<group>"; xcLanguageSpecificationIdentifier = xcode.lang.objcpp; };
		1A8A0DE71238E51A00BC399C /* NSObject+SBJSON.h */ = {isa = PBXFileReference; fileEncoding = 4; lastKnownFileType = sourcecode.c.h; lineEnding = 0; path = "NSObject+SBJSON.h"; sourceTree = "<group>"; xcLanguageSpecificationIdentifier = xcode.lang.objcpp; };
		1A8A0DE81238E51A00BC399C /* NSObject+SBJSON.m */ = {isa = PBXFileReference; fileEncoding = 4; lastKnownFileType = sourcecode.c.objc; lineEnding = 0; path = "NSObject+SBJSON.m"; sourceTree = "<group>"; xcLanguageSpecificationIdentifier = xcode.lang.objc; };
		1A8A0DE91238E51A00BC399C /* NSString+SBJSON.h */ = {isa = PBXFileReference; fileEncoding = 4; lastKnownFileType = sourcecode.c.h; lineEnding = 0; path = "NSString+SBJSON.h"; sourceTree = "<group>"; xcLanguageSpecificationIdentifier = xcode.lang.objcpp; };
		1A8A0DEA1238E51A00BC399C /* NSString+SBJSON.m */ = {isa = PBXFileReference; fileEncoding = 4; lastKnownFileType = sourcecode.c.objc; lineEnding = 0; path = "NSString+SBJSON.m"; sourceTree = "<group>"; xcLanguageSpecificationIdentifier = xcode.lang.objc; };
		1A8A0DEB1238E51A00BC399C /* SBJsonBase.h */ = {isa = PBXFileReference; fileEncoding = 4; lastKnownFileType = sourcecode.c.h; lineEnding = 0; path = SBJsonBase.h; sourceTree = "<group>"; xcLanguageSpecificationIdentifier = xcode.lang.objcpp; };
		1A8A0DEC1238E51A00BC399C /* SBJsonBase.m */ = {isa = PBXFileReference; fileEncoding = 4; lastKnownFileType = sourcecode.c.objc; lineEnding = 0; path = SBJsonBase.m; sourceTree = "<group>"; xcLanguageSpecificationIdentifier = xcode.lang.objc; };
		1A8A0DED1238E51A00BC399C /* SBJsonParser.h */ = {isa = PBXFileReference; fileEncoding = 4; lastKnownFileType = sourcecode.c.h; lineEnding = 0; path = SBJsonParser.h; sourceTree = "<group>"; xcLanguageSpecificationIdentifier = xcode.lang.objcpp; };
		1A8A0DEE1238E51A00BC399C /* SBJsonParser.m */ = {isa = PBXFileReference; fileEncoding = 4; lastKnownFileType = sourcecode.c.objc; lineEnding = 0; path = SBJsonParser.m; sourceTree = "<group>"; xcLanguageSpecificationIdentifier = xcode.lang.objc; };
		1A8A0DEF1238E51A00BC399C /* SBJsonWriter.h */ = {isa = PBXFileReference; fileEncoding = 4; lastKnownFileType = sourcecode.c.h; lineEnding = 0; path = SBJsonWriter.h; sourceTree = "<group>"; xcLanguageSpecificationIdentifier = xcode.lang.objcpp; };
		1A8A0DF01238E51A00BC399C /* SBJsonWriter.m */ = {isa = PBXFileReference; fileEncoding = 4; lastKnownFileType = sourcecode.c.objc; lineEnding = 0; path = SBJsonWriter.m; sourceTree = "<group>"; xcLanguageSpecificationIdentifier = xcode.lang.objc; };
		1AB27704122E8185006CFC8F /* ARRankEntry.h */ = {isa = PBXFileReference; fileEncoding = 4; lastKnownFileType = sourcecode.c.h; lineEnding = 0; path = ARRankEntry.h; sourceTree = "<group>"; xcLanguageSpecificationIdentifier = xcode.lang.objcpp; };
		1AB27705122E8185006CFC8F /* ARRankEntry.m */ = {isa = PBXFileReference; fileEncoding = 4; lastKnownFileType = sourcecode.c.objc; path = ARRankEntry.m; sourceTree = "<group>"; };
		1AB34ED4123ABFB100194E86 /* Growl.framework */ = {isa = PBXFileReference; lastKnownFileType = wrapper.framework; name = Growl.framework; path = Frameworks/Growl.framework; sourceTree = "<group>"; };
		1AB34EF9123AC2D400194E86 /* Growl Registration Ticket.growlRegDict */ = {isa = PBXFileReference; fileEncoding = 4; lastKnownFileType = text.xml; name = "Growl Registration Ticket.growlRegDict"; path = "Resources/Growl Registration Ticket.growlRegDict"; sourceTree = "<group>"; };
		1AB6CF17144DA6AB006D317B /* English */ = {isa = PBXFileReference; lastKnownFileType = file.xib; name = English; path = English.lproj/AppDetailsWindow.xib; sourceTree = "<group>"; };
		1AC3A2C0144D7AF00066C0EB /* countries.json */ = {isa = PBXFileReference; fileEncoding = 4; lastKnownFileType = text.json; name = countries.json; path = Resources/countries.json; sourceTree = "<group>"; };
		1AC3A2C2144D7D690066C0EB /* AppRanking.entitlements */ = {isa = PBXFileReference; lastKnownFileType = text.xml; path = AppRanking.entitlements; sourceTree = "<group>"; };
		1AC3A2C6144D7F610066C0EB /* English */ = {isa = PBXFileReference; lastKnownFileType = file.xib; name = English; path = English.lproj/ARMainViewController.xib; sourceTree = "<group>"; };
		1AC3A2C8144D86870066C0EB /* AppRanking-4.xcdatamodel */ = {isa = PBXFileReference; lastKnownFileType = wrapper.xcdatamodel; path = "AppRanking-4.xcdatamodel"; sourceTree = "<group>"; };
		1ACEBF34122FDD1C007D5C1A /* ARGoogleChart.h */ = {isa = PBXFileReference; fileEncoding = 4; lastKnownFileType = sourcecode.c.h; lineEnding = 0; path = ARGoogleChart.h; sourceTree = "<group>"; xcLanguageSpecificationIdentifier = xcode.lang.objcpp; };
		1ACEBF35122FDD1C007D5C1A /* ARGoogleChart.m */ = {isa = PBXFileReference; fileEncoding = 4; lastKnownFileType = sourcecode.c.objc; lineEnding = 0; path = ARGoogleChart.m; sourceTree = "<group>"; xcLanguageSpecificationIdentifier = xcode.lang.objc; };
		1ACEC0E5123031DC007D5C1A /* ARChartViewController.h */ = {isa = PBXFileReference; fileEncoding = 4; lastKnownFileType = sourcecode.c.h; lineEnding = 0; path = ARChartViewController.h; sourceTree = "<group>"; xcLanguageSpecificationIdentifier = xcode.lang.objcpp; };
		1ACEC0E6123031DC007D5C1A /* ARChartViewController.m */ = {isa = PBXFileReference; fileEncoding = 4; lastKnownFileType = sourcecode.c.objc; lineEnding = 0; path = ARChartViewController.m; sourceTree = "<group>"; xcLanguageSpecificationIdentifier = xcode.lang.objc; };
		1ACEC0EC12303288007D5C1A /* English */ = {isa = PBXFileReference; lastKnownFileType = file.xib; name = English; path = English.lproj/ChartView.xib; sourceTree = SOURCE_ROOT; };
		1ADAFD54122E8C24007A2396 /* AppRanking-2.xcdatamodel */ = {isa = PBXFileReference; lastKnownFileType = wrapper.xcdatamodel; path = "AppRanking-2.xcdatamodel"; sourceTree = "<group>"; };
		1DDD58150DA1D0A300B32029 /* English */ = {isa = PBXFileReference; lastKnownFileType = file.xib; name = English; path = English.lproj/MainMenu.xib; sourceTree = "<group>"; };
		256AC3F00F4B6AF500CF3369 /* AppRanking_Prefix.pch */ = {isa = PBXFileReference; fileEncoding = 4; lastKnownFileType = sourcecode.c.h; path = AppRanking_Prefix.pch; sourceTree = "<group>"; };
		29B97316FDCFA39411CA2CEA /* main.m */ = {isa = PBXFileReference; fileEncoding = 4; lastKnownFileType = sourcecode.c.objc; path = main.m; sourceTree = "<group>"; };
		29B97324FDCFA39411CA2CEA /* AppKit.framework */ = {isa = PBXFileReference; lastKnownFileType = wrapper.framework; name = AppKit.framework; path = /System/Library/Frameworks/AppKit.framework; sourceTree = "<absolute>"; };
		29B97325FDCFA39411CA2CEA /* Foundation.framework */ = {isa = PBXFileReference; lastKnownFileType = wrapper.framework; name = Foundation.framework; path = /System/Library/Frameworks/Foundation.framework; sourceTree = "<absolute>"; };
		8D1107310486CEB800E47090 /* AppRanking-Info.plist */ = {isa = PBXFileReference; fileEncoding = 4; lastKnownFileType = text.plist.xml; path = "AppRanking-Info.plist"; sourceTree = "<group>"; };
		8D1107320486CEB800E47090 /* AppRanking.app */ = {isa = PBXFileReference; explicitFileType = wrapper.application; includeInIndex = 0; path = AppRanking.app; sourceTree = BUILT_PRODUCTS_DIR; };
/* End PBXFileReference section */

/* Begin PBXFrameworksBuildPhase section */
		8D11072E0486CEB800E47090 /* Frameworks */ = {
			isa = PBXFrameworksBuildPhase;
			buildActionMask = 2147483647;
			files = (
				8D11072F0486CEB800E47090 /* Cocoa.framework in Frameworks */,
				1A45D9B4122640D500A1DF36 /* Sparkle.framework in Frameworks */,
				1AB34ED5123ABFB100194E86 /* Growl.framework in Frameworks */,
				1A19902A1234EBA00074DEB6 /* libz.dylib in Frameworks */,
			);
			runOnlyForDeploymentPostprocessing = 0;
		};
/* End PBXFrameworksBuildPhase section */

/* Begin PBXGroup section */
		1058C7A0FEA54F0111CA2CBB /* Linked Frameworks */ = {
			isa = PBXGroup;
			children = (
				1A1990291234EBA00074DEB6 /* libz.dylib */,
				1AB34ED4123ABFB100194E86 /* Growl.framework */,
				1A45D9B2122640D500A1DF36 /* Sparkle.framework */,
				1A5A3E581225BBB000F08485 /* QuartzCore.framework */,
				1058C7A1FEA54F0111CA2CBB /* Cocoa.framework */,
			);
			name = "Linked Frameworks";
			sourceTree = "<group>";
		};
		1058C7A2FEA54F0111CA2CBB /* Other Frameworks */ = {
			isa = PBXGroup;
			children = (
				29B97324FDCFA39411CA2CEA /* AppKit.framework */,
				13E42FB307B3F0F600E4EEF1 /* CoreData.framework */,
				29B97325FDCFA39411CA2CEA /* Foundation.framework */,
			);
			name = "Other Frameworks";
			sourceTree = "<group>";
		};
		19C28FACFE9D520D11CA2CBB /* Products */ = {
			isa = PBXGroup;
			children = (
				8D1107320486CEB800E47090 /* AppRanking.app */,
			);
			name = Products;
			sourceTree = "<group>";
		};
		1A058EFD1531A02D00DD6AC5 /* Core Data */ = {
			isa = PBXGroup;
			children = (
				1AB27704122E8185006CFC8F /* ARRankEntry.h */,
				1AB27705122E8185006CFC8F /* ARRankEntry.m */,
				1A19B628122D191B00924F72 /* ARStorageManager.h */,
				1A19B629122D191B00924F72 /* ARStorageManager.m */,
				1A2D2D021223B7580074AE7F /* ARApplication.h */,
				1A2D2D031223B7580074AE7F /* ARApplication.m */,
				1A2D2D041223B7580074AE7F /* ARCategoryTuple.h */,
				1A2D2D051223B7580074AE7F /* ARCategoryTuple.m */,
			);
			name = "Core Data";
			sourceTree = "<group>";
		};
		1A1990151234EADB0074DEB6 /* Google Toolbox for Mac */ = {
			isa = PBXGroup;
			children = (
				1A8A0DDE1238E4FB00BC399C /* GTMDefines.h */,
				1A8A0DDF1238E4FB00BC399C /* GTMNSData+zlib.h */,
				1A8A0DE01238E4FB00BC399C /* GTMNSData+zlib.m */,
			);
			name = "Google Toolbox for Mac";
			sourceTree = "<group>";
		};
		1A19B623122D110300924F72 /* Core Data Model */ = {
			isa = PBXGroup;
			children = (
				1ADAFD14122E881F007A2396 /* AppRanking.xcdatamodeld */,
			);
			name = "Core Data Model";
			sourceTree = "<group>";
		};
		1A19B80B122D4B8900924F72 /* Model */ = {
			isa = PBXGroup;
			children = (
				1A058EFD1531A02D00DD6AC5 /* Core Data */,
				1A6E08CC1233CE3200168560 /* Testing */,
				1A5A3C69122568B800F08485 /* ARTreeNode.h */,
				1A5A3C6A122568B800F08485 /* ARTreeNode.m */,
				1A2D2D061223B7580074AE7F /* ARConfiguration.h */,
				1A2D2D071223B7580074AE7F /* ARConfiguration.m */,
				1A2D2D081223B7580074AE7F /* ARRankQuery.h */,
				1A2D2D091223B7580074AE7F /* ARRankQuery.m */,
				1A198EE01234C7B60074DEB6 /* ARRSSFeedCache.h */,
				1A198EE11234C7B60074DEB6 /* ARRSSFeedCache.m */,
			);
			name = Model;
			sourceTree = "<group>";
		};
		1A19B80D122D4BC600924F72 /* Status Toolbar Item */ = {
			isa = PBXGroup;
			children = (
				1A5A3CFA1225965A00F08485 /* ARStatusView.h */,
				1A5A3CFB1225965A00F08485 /* ARStatusView.m */,
				1A5A3E511225B91A00F08485 /* ARStatusViewController.h */,
				1A5A3E521225B91A00F08485 /* ARStatusViewController.m */,
				1A5A3EBB1225C14A00F08485 /* StatusView.xib */,
			);
			name = "Status Toolbar Item";
			sourceTree = "<group>";
		};
		1A19B80E122D4BED00924F72 /* Main View */ = {
			isa = PBXGroup;
			children = (
				1ACEC0E4123031C4007D5C1A /* Charting */,
				1A19B80D122D4BC600924F72 /* Status Toolbar Item */,
				1A2D2D001223B7580074AE7F /* AppRankingAppDelegate.h */,
				1A2D2D011223B7580074AE7F /* AppRankingAppDelegate.m */,
				1DDD58140DA1D0A300B32029 /* MainMenu.xib */,
				1A2D2EBB122560460074AE7F /* ARMainViewController.h */,
				1A2D2EBC122560460074AE7F /* ARMainViewController.m */,
				1AC3A2C7144D7F610066C0EB /* ARMainViewController.xib */,
			);
			name = "Main View";
			sourceTree = "<group>";
		};
		1A19B80F122D4C0700924F72 /* AppDetails View */ = {
			isa = PBXGroup;
			children = (
				1A19B6E3122D313300924F72 /* ARAppDetailsWindowController.h */,
				1A19B6E4122D313300924F72 /* ARAppDetailsWindowController.m */,
				1AB6CF18144DA6AB006D317B /* AppDetailsWindow.xib */,
				1A19B8D4122D6AEE00924F72 /* ARTempCategoryTuple.h */,
				1A19B8D5122D6AEE00924F72 /* ARTempCategoryTuple.m */,
			);
			name = "AppDetails View";
			sourceTree = "<group>";
		};
		1A1CE64812327914006FACB9 /* Helper */ = {
			isa = PBXGroup;
			children = (
				1A2D2D161223B7580074AE7F /* SBJSON+Additions.h */,
				1A2D2D171223B7580074AE7F /* SBJSON+Additions.m */,
				1A19B8B0122D62E100924F72 /* AREnumValueTransformer.h */,
				1A19B8B1122D62E100924F72 /* AREnumValueTransformer.m */,
				1A1CE658123279D0006FACB9 /* ARBoolValueTransformer.h */,
				1A1CE659123279D0006FACB9 /* ARBoolValueTransformer.m */,
			);
			name = Helper;
			sourceTree = "<group>";
		};
		1A2D2CFF1223B7580074AE7F /* Classes */ = {
			isa = PBXGroup;
			children = (
				1A1CE64812327914006FACB9 /* Helper */,
				1A19B80B122D4B8900924F72 /* Model */,
				1A19B80E122D4BED00924F72 /* Main View */,
				1A19B80F122D4C0700924F72 /* AppDetails View */,
				1A5A3C6D122568C800F08485 /* Third Party */,
			);
			path = Classes;
			sourceTree = "<group>";
		};
		1A2E18B0147D40A800C5E9A9 /* Google Chart */ = {
			isa = PBXGroup;
			children = (
				1ACEBF34122FDD1C007D5C1A /* ARGoogleChart.h */,
				1ACEBF35122FDD1C007D5C1A /* ARGoogleChart.m */,
				1A79EDA91231525F007C5AC8 /* ARChartImageView.h */,
				1A79EDAA1231525F007C5AC8 /* ARChartImageView.m */,
			);
			name = "Google Chart";
			sourceTree = "<group>";
		};
		1A2E18B1147D40C600C5E9A9 /* Custom Drawing */ = {
			isa = PBXGroup;
			children = (
				1A2E18A3147D345400C5E9A9 /* ARDataPoint.h */,
				1A2E18A4147D345400C5E9A9 /* ARDataPoint.m */,
				1A2E18A5147D345400C5E9A9 /* ARGraphView.h */,
				1A2E18A6147D345400C5E9A9 /* ARGraphView.m */,
				1A2E18A7147D345400C5E9A9 /* ARSeries.h */,
				1A2E18A8147D345400C5E9A9 /* ARSeries.m */,
			);
			name = "Custom Drawing";
			sourceTree = "<group>";
		};
		1A5A3C6D122568C800F08485 /* Third Party */ = {
			isa = PBXGroup;
			children = (
				1A8A0DE21238E50900BC399C /* SidebarBadgeCell.h */,
				1A8A0DE31238E50900BC399C /* SidebarBadgeCell.m */,
				1A8A0DE51238E51A00BC399C /* JSON */,
				1AB1181B1238C7150069C23E /* TSPProgressIndicator */,
				1A1990151234EADB0074DEB6 /* Google Toolbox for Mac */,
			);
			name = "Third Party";
			sourceTree = "<group>";
		};
		1A5A3EC91225C16E00F08485 /* Images */ = {
			isa = PBXGroup;
			children = (
				1A1CE79D12329291006FACB9 /* zoom-cursor.png */,
				1A70CC2C1226D43F0031E8CF /* stop.icns */,
				1A5A3EBD1225C16500F08485 /* icon.icns */,
				1A5A3EBE1225C16500F08485 /* info.icns */,
				1A5A3EBF1225C16500F08485 /* refresh.icns */,
				1A5A3EC01225C16500F08485 /* status-view-center.png */,
				1A5A3EC11225C16500F08485 /* status-view-left.png */,
				1A5A3EC21225C16500F08485 /* status-view-right.png */,
			);
			name = Images;
			sourceTree = "<group>";
		};
		1A6E08CC1233CE3200168560 /* Testing */ = {
			isa = PBXGroup;
			children = (
				1A6E08CD1233CE4600168560 /* ARStochasticRankGenerator.h */,
				1A6E08CE1233CE4600168560 /* ARStochasticRankGenerator.m */,
				1A6633711230F9A000D623D3 /* ARStorageManager+Testing.h */,
				1A6633721230F9A000D623D3 /* ARStorageManager+Testing.m */,
			);
			name = Testing;
			sourceTree = "<group>";
		};
		1A8A0DE51238E51A00BC399C /* JSON */ = {
			isa = PBXGroup;
			children = (
				1A8A0DE61238E51A00BC399C /* JSON.h */,
				1A8A0DE71238E51A00BC399C /* NSObject+SBJSON.h */,
				1A8A0DE81238E51A00BC399C /* NSObject+SBJSON.m */,
				1A8A0DE91238E51A00BC399C /* NSString+SBJSON.h */,
				1A8A0DEA1238E51A00BC399C /* NSString+SBJSON.m */,
				1A8A0DEB1238E51A00BC399C /* SBJsonBase.h */,
				1A8A0DEC1238E51A00BC399C /* SBJsonBase.m */,
				1A8A0DED1238E51A00BC399C /* SBJsonParser.h */,
				1A8A0DEE1238E51A00BC399C /* SBJsonParser.m */,
				1A8A0DEF1238E51A00BC399C /* SBJsonWriter.h */,
				1A8A0DF01238E51A00BC399C /* SBJsonWriter.m */,
			);
			name = JSON;
			path = "Third Party/JSON";
			sourceTree = "<group>";
		};
		1AB1181B1238C7150069C23E /* TSPProgressIndicator */ = {
			isa = PBXGroup;
			children = (
				1A8A0DD51238E4E900BC399C /* NSBezierPath+MCAdditions.h */,
				1A8A0DD61238E4E900BC399C /* NSBezierPath+MCAdditions.m */,
				1A8A0DD71238E4E900BC399C /* NSBezierPath+PXRoundedRectangleAdditions.h */,
				1A8A0DD81238E4E900BC399C /* NSBezierPath+PXRoundedRectangleAdditions.m */,
				1A8A0DD91238E4E900BC399C /* TSPProgressIndicator.h */,
				1A8A0DDA1238E4E900BC399C /* TSPProgressIndicator.m */,
			);
			name = TSPProgressIndicator;
			sourceTree = "<group>";
		};
		1ACEC0E4123031C4007D5C1A /* Charting */ = {
			isa = PBXGroup;
			children = (
				1A2E18B1147D40C600C5E9A9 /* Custom Drawing */,
				1A2E18B0147D40A800C5E9A9 /* Google Chart */,
				1ACEC0E5123031DC007D5C1A /* ARChartViewController.h */,
				1ACEC0E6123031DC007D5C1A /* ARChartViewController.m */,
				1A2E18AF147D3E8F00C5E9A9 /* ARChartViewControllerDelegate.h */,
				1ACEC0EE12303291007D5C1A /* ChartView.xib */,
				1A66341012310AD500D623D3 /* ARColor.h */,
				1A66341112310AD500D623D3 /* ARColor.m */,
			);
			name = Charting;
			sourceTree = "<group>";
		};
		29B97314FDCFA39411CA2CEA /* AppRanking */ = {
			isa = PBXGroup;
			children = (
				1AC3A2C2144D7D690066C0EB /* AppRanking.entitlements */,
				1A19B623122D110300924F72 /* Core Data Model */,
				1A2D2CFF1223B7580074AE7F /* Classes */,
				29B97315FDCFA39411CA2CEA /* Other Sources */,
				29B97317FDCFA39411CA2CEA /* Resources */,
				29B97323FDCFA39411CA2CEA /* Frameworks */,
				19C28FACFE9D520D11CA2CBB /* Products */,
			);
			name = AppRanking;
			sourceTree = "<group>";
		};
		29B97315FDCFA39411CA2CEA /* Other Sources */ = {
			isa = PBXGroup;
			children = (
				256AC3F00F4B6AF500CF3369 /* AppRanking_Prefix.pch */,
				29B97316FDCFA39411CA2CEA /* main.m */,
			);
			name = "Other Sources";
			sourceTree = "<group>";
		};
		29B97317FDCFA39411CA2CEA /* Resources */ = {
			isa = PBXGroup;
			children = (
				1AB34EF9123AC2D400194E86 /* Growl Registration Ticket.growlRegDict */,
				1A45D9F41226430400A1DF36 /* dsa_pub.pem */,
				1A5A3EC91225C16E00F08485 /* Images */,
				1A2D2D251223B77A0074AE7F /* genres.json */,
				8D1107310486CEB800E47090 /* AppRanking-Info.plist */,
				089C165CFE840E0CC02AAC07 /* InfoPlist.strings */,
				1AC3A2C0144D7AF00066C0EB /* countries.json */,
			);
			name = Resources;
			sourceTree = "<group>";
		};
		29B97323FDCFA39411CA2CEA /* Frameworks */ = {
			isa = PBXGroup;
			children = (
				1058C7A0FEA54F0111CA2CBB /* Linked Frameworks */,
				1058C7A2FEA54F0111CA2CBB /* Other Frameworks */,
			);
			name = Frameworks;
			sourceTree = "<group>";
		};
/* End PBXGroup section */

/* Begin PBXNativeTarget section */
		8D1107260486CEB800E47090 /* AppRanking */ = {
			isa = PBXNativeTarget;
			buildConfigurationList = C01FCF4A08A954540054247B /* Build configuration list for PBXNativeTarget "AppRanking" */;
			buildPhases = (
				8D1107290486CEB800E47090 /* Resources */,
				8D11072C0486CEB800E47090 /* Sources */,
				8D11072E0486CEB800E47090 /* Frameworks */,
				1A2D2F1B1225632F0074AE7F /* Copy Frameworks */,
			);
			buildRules = (
			);
			dependencies = (
			);
			name = AppRanking;
			productInstallPath = "$(HOME)/Applications";
			productName = AppRanking;
			productReference = 8D1107320486CEB800E47090 /* AppRanking.app */;
			productType = "com.apple.product-type.application";
		};
/* End PBXNativeTarget section */

/* Begin PBXProject section */
		29B97313FDCFA39411CA2CEA /* Project object */ = {
			isa = PBXProject;
			attributes = {
				LastUpgradeCheck = 0440;
			};
			buildConfigurationList = C01FCF4E08A954540054247B /* Build configuration list for PBXProject "AppRanking" */;
			compatibilityVersion = "Xcode 3.2";
			developmentRegion = English;
			hasScannedForEncodings = 1;
			knownRegions = (
				en,
				English,
			);
			mainGroup = 29B97314FDCFA39411CA2CEA /* AppRanking */;
			projectDirPath = "";
			projectRoot = "";
			targets = (
				8D1107260486CEB800E47090 /* AppRanking */,
			);
		};
/* End PBXProject section */

/* Begin PBXResourcesBuildPhase section */
		8D1107290486CEB800E47090 /* Resources */ = {
			isa = PBXResourcesBuildPhase;
			buildActionMask = 2147483647;
			files = (
				1DDD58160DA1D0A300B32029 /* MainMenu.xib in Resources */,
				1A5A3EBC1225C14A00F08485 /* StatusView.xib in Resources */,
				1AB6CF16144DA6AB006D317B /* AppDetailsWindow.xib in Resources */,
				8D11072B0486CEB800E47090 /* InfoPlist.strings in Resources */,
				1A2D2D291223B77A0074AE7F /* genres.json in Resources */,
				1A5A3EC31225C16500F08485 /* icon.icns in Resources */,
				1A5A3EC41225C16500F08485 /* info.icns in Resources */,
				1A70CC2D1226D43F0031E8CF /* stop.icns in Resources */,
				1A5A3EC51225C16500F08485 /* refresh.icns in Resources */,
				1A5A3EC61225C16500F08485 /* status-view-center.png in Resources */,
				1A5A3EC71225C16500F08485 /* status-view-left.png in Resources */,
				1A5A3EC81225C16500F08485 /* status-view-right.png in Resources */,
				1A45D9F51226430400A1DF36 /* dsa_pub.pem in Resources */,
				1ACEC0EF12303291007D5C1A /* ChartView.xib in Resources */,
				1A1CE79E12329291006FACB9 /* zoom-cursor.png in Resources */,
				1AB34EFA123AC2D400194E86 /* Growl Registration Ticket.growlRegDict in Resources */,
				1AC3A2C1144D7AF00066C0EB /* countries.json in Resources */,
				1AC3A2C5144D7F610066C0EB /* ARMainViewController.xib in Resources */,
			);
			runOnlyForDeploymentPostprocessing = 0;
		};
/* End PBXResourcesBuildPhase section */

/* Begin PBXSourcesBuildPhase section */
		8D11072C0486CEB800E47090 /* Sources */ = {
			isa = PBXSourcesBuildPhase;
			buildActionMask = 2147483647;
			files = (
				8D11072D0486CEB800E47090 /* main.m in Sources */,
				1A2D2D181223B7580074AE7F /* AppRankingAppDelegate.m in Sources */,
				1A2D2D191223B7580074AE7F /* ARApplication.m in Sources */,
				1A2D2D1A1223B7580074AE7F /* ARCategoryTuple.m in Sources */,
				1A2D2D1B1223B7580074AE7F /* ARConfiguration.m in Sources */,
				1A2D2D1C1223B7580074AE7F /* ARRankQuery.m in Sources */,
				1A2D2D221223B7580074AE7F /* SBJSON+Additions.m in Sources */,
				1A2D2EBD122560460074AE7F /* ARMainViewController.m in Sources */,
				1A5A3C6C122568B800F08485 /* ARTreeNode.m in Sources */,
				1A5A3CFC1225965A00F08485 /* ARStatusView.m in Sources */,
				1A5A3E531225B91A00F08485 /* ARStatusViewController.m in Sources */,
				1ADAFD15122E881F007A2396 /* AppRanking.xcdatamodeld in Sources */,
				1A19B62A122D191B00924F72 /* ARStorageManager.m in Sources */,
				1A19B6E5122D313300924F72 /* ARAppDetailsWindowController.m in Sources */,
				1A19B8B2122D62E100924F72 /* AREnumValueTransformer.m in Sources */,
				1A19B8D6122D6AEE00924F72 /* ARTempCategoryTuple.m in Sources */,
				1AB27706122E8185006CFC8F /* ARRankEntry.m in Sources */,
				1ACEBF36122FDD1C007D5C1A /* ARGoogleChart.m in Sources */,
				1ACEC0E7123031DC007D5C1A /* ARChartViewController.m in Sources */,
				1A6633731230F9A000D623D3 /* ARStorageManager+Testing.m in Sources */,
				1A66341212310AD500D623D3 /* ARColor.m in Sources */,
				1A79EDAB1231525F007C5AC8 /* ARChartImageView.m in Sources */,
				1A1CE65A123279D0006FACB9 /* ARBoolValueTransformer.m in Sources */,
				1A6E08CF1233CE4600168560 /* ARStochasticRankGenerator.m in Sources */,
				1A198EE21234C7B60074DEB6 /* ARRSSFeedCache.m in Sources */,
				1A8A0DDB1238E4E900BC399C /* NSBezierPath+MCAdditions.m in Sources */,
				1A8A0DDC1238E4E900BC399C /* NSBezierPath+PXRoundedRectangleAdditions.m in Sources */,
				1A8A0DDD1238E4E900BC399C /* TSPProgressIndicator.m in Sources */,
				1A8A0DE11238E4FB00BC399C /* GTMNSData+zlib.m in Sources */,
				1A8A0DE41238E50900BC399C /* SidebarBadgeCell.m in Sources */,
				1A8A0DF11238E51A00BC399C /* NSObject+SBJSON.m in Sources */,
				1A8A0DF21238E51A00BC399C /* NSString+SBJSON.m in Sources */,
				1A8A0DF31238E51A00BC399C /* SBJsonBase.m in Sources */,
				1A8A0DF41238E51A00BC399C /* SBJsonParser.m in Sources */,
				1A8A0DF51238E51A00BC399C /* SBJsonWriter.m in Sources */,
				1A2E18A9147D345400C5E9A9 /* ARDataPoint.m in Sources */,
				1A2E18AA147D345400C5E9A9 /* ARGraphView.m in Sources */,
				1A2E18AB147D345400C5E9A9 /* ARSeries.m in Sources */,
			);
			runOnlyForDeploymentPostprocessing = 0;
		};
/* End PBXSourcesBuildPhase section */

/* Begin PBXVariantGroup section */
		089C165CFE840E0CC02AAC07 /* InfoPlist.strings */ = {
			isa = PBXVariantGroup;
			children = (
				089C165DFE840E0CC02AAC07 /* English */,
			);
			name = InfoPlist.strings;
			sourceTree = "<group>";
		};
		1A5A3EBB1225C14A00F08485 /* StatusView.xib */ = {
			isa = PBXVariantGroup;
			children = (
				1A5A3E4E1225B81500F08485 /* English */,
			);
			name = StatusView.xib;
			path = ..;
			sourceTree = "<group>";
		};
		1AB6CF18144DA6AB006D317B /* AppDetailsWindow.xib */ = {
			isa = PBXVariantGroup;
			children = (
				1AB6CF17144DA6AB006D317B /* English */,
			);
			name = AppDetailsWindow.xib;
			path = ..;
			sourceTree = "<group>";
		};
		1AC3A2C7144D7F610066C0EB /* ARMainViewController.xib */ = {
			isa = PBXVariantGroup;
			children = (
				1AC3A2C6144D7F610066C0EB /* English */,
			);
			name = ARMainViewController.xib;
			sourceTree = SOURCE_ROOT;
		};
		1ACEC0EE12303291007D5C1A /* ChartView.xib */ = {
			isa = PBXVariantGroup;
			children = (
				1ACEC0EC12303288007D5C1A /* English */,
			);
			name = ChartView.xib;
			sourceTree = "<group>";
		};
		1DDD58140DA1D0A300B32029 /* MainMenu.xib */ = {
			isa = PBXVariantGroup;
			children = (
				1DDD58150DA1D0A300B32029 /* English */,
			);
			name = MainMenu.xib;
			path = ..;
			sourceTree = "<group>";
		};
/* End PBXVariantGroup section */

/* Begin XCBuildConfiguration section */
		C01FCF4B08A954540054247B /* Debug */ = {
			isa = XCBuildConfiguration;
			buildSettings = {
				ALWAYS_SEARCH_USER_PATHS = NO;
				CODE_SIGN_ENTITLEMENTS = AppRanking.entitlements;
				COMBINE_HIDPI_IMAGES = YES;
				COPY_PHASE_STRIP = NO;
				FRAMEWORK_SEARCH_PATHS = (
					"$(inherited)",
					"\"$(SRCROOT)\"",
					"\"$(SRCROOT)/Frameworks\"",
				);
				GCC_DYNAMIC_NO_PIC = NO;
				GCC_MODEL_TUNING = G5;
				GCC_OPTIMIZATION_LEVEL = 0;
				GCC_PRECOMPILE_PREFIX_HEADER = YES;
				GCC_PREFIX_HEADER = AppRanking_Prefix.pch;
				INFOPLIST_FILE = "AppRanking-Info.plist";
				INSTALL_PATH = "$(HOME)/Applications";
				PRODUCT_NAME = AppRanking;
			};
			name = Debug;
		};
		C01FCF4C08A954540054247B /* Release */ = {
			isa = XCBuildConfiguration;
			buildSettings = {
				ALWAYS_SEARCH_USER_PATHS = NO;
				CODE_SIGN_ENTITLEMENTS = AppRanking.entitlements;
				COMBINE_HIDPI_IMAGES = YES;
				DEBUG_INFORMATION_FORMAT = "dwarf-with-dsym";
				FRAMEWORK_SEARCH_PATHS = (
					"$(inherited)",
					"\"$(SRCROOT)\"",
					"\"$(SRCROOT)/Frameworks\"",
				);
				GCC_MODEL_TUNING = G5;
				GCC_PRECOMPILE_PREFIX_HEADER = YES;
				GCC_PREFIX_HEADER = AppRanking_Prefix.pch;
				INFOPLIST_FILE = "AppRanking-Info.plist";
				INSTALL_PATH = "$(HOME)/Applications";
				PRODUCT_NAME = AppRanking;
			};
			name = Release;
		};
		C01FCF4F08A954540054247B /* Debug */ = {
			isa = XCBuildConfiguration;
			buildSettings = {
				ARCHS = "$(ARCHS_STANDARD_64_BIT)";
				CLANG_ENABLE_OBJC_ARC = YES;
				GCC_C_LANGUAGE_STANDARD = gnu99;
				GCC_OPTIMIZATION_LEVEL = 0;
				GCC_VERSION = com.apple.compilers.llvm.clang.1_0;
				GCC_WARN_ABOUT_MISSING_PROTOTYPES = YES;
				GCC_WARN_ABOUT_RETURN_TYPE = YES;
				GCC_WARN_UNUSED_VARIABLE = YES;
				MACOSX_DEPLOYMENT_TARGET = 10.7;
				RUN_CLANG_STATIC_ANALYZER = YES;
			};
			name = Debug;
		};
		C01FCF5008A954540054247B /* Release */ = {
			isa = XCBuildConfiguration;
			buildSettings = {
				ARCHS = "$(ARCHS_STANDARD_64_BIT)";
				CLANG_ENABLE_OBJC_ARC = YES;
				GCC_C_LANGUAGE_STANDARD = gnu99;
				GCC_VERSION = com.apple.compilers.llvm.clang.1_0;
				GCC_WARN_ABOUT_MISSING_PROTOTYPES = YES;
				GCC_WARN_ABOUT_RETURN_TYPE = YES;
				GCC_WARN_UNUSED_VARIABLE = YES;
				MACOSX_DEPLOYMENT_TARGET = 10.7;
				RUN_CLANG_STATIC_ANALYZER = YES;
			};
			name = Release;
		};
/* End XCBuildConfiguration section */

/* Begin XCConfigurationList section */
		C01FCF4A08A954540054247B /* Build configuration list for PBXNativeTarget "AppRanking" */ = {
			isa = XCConfigurationList;
			buildConfigurations = (
				C01FCF4B08A954540054247B /* Debug */,
				C01FCF4C08A954540054247B /* Release */,
			);
			defaultConfigurationIsVisible = 0;
			defaultConfigurationName = Release;
		};
		C01FCF4E08A954540054247B /* Build configuration list for PBXProject "AppRanking" */ = {
			isa = XCConfigurationList;
			buildConfigurations = (
				C01FCF4F08A954540054247B /* Debug */,
				C01FCF5008A954540054247B /* Release */,
			);
			defaultConfigurationIsVisible = 0;
			defaultConfigurationName = Release;
		};
/* End XCConfigurationList section */

/* Begin XCVersionGroup section */
		1ADAFD14122E881F007A2396 /* AppRanking.xcdatamodeld */ = {
			isa = XCVersionGroup;
			children = (
				1AC3A2C8144D86870066C0EB /* AppRanking-4.xcdatamodel */,
				1A19B624122D115600924F72 /* AppRanking-1.xcdatamodel */,
				1ADAFD54122E8C24007A2396 /* AppRanking-2.xcdatamodel */,
				1A08FA4D12AF9926009ABF72 /* AppRanking-3.xcdatamodel */,
			);
			currentVersion = 1AC3A2C8144D86870066C0EB /* AppRanking-4.xcdatamodel */;
			path = AppRanking.xcdatamodeld;
			sourceTree = "<group>";
			versionGroupType = wrapper.xcdatamodel;
		};
/* End XCVersionGroup section */
	};
	rootObject = 29B97313FDCFA39411CA2CEA /* Project object */;
}
