// !$*UTF8*$!
{
	archiveVersion = 1;
	classes = {
	};
	objectVersion = 45;
	objects = {

/* Begin PBXBuildFile section */
		1A19B62A122D191B00924F72 /* ARStorageManager.m in Sources */ = {isa = PBXBuildFile; fileRef = 1A19B629122D191B00924F72 /* ARStorageManager.m */; };
		1A19B6E5122D313300924F72 /* ARAppDetailsWindowController.m in Sources */ = {isa = PBXBuildFile; fileRef = 1A19B6E4122D313300924F72 /* ARAppDetailsWindowController.m */; };
		1A19B8B2122D62E100924F72 /* AREnumValueTransformer.m in Sources */ = {isa = PBXBuildFile; fileRef = 1A19B8B1122D62E100924F72 /* AREnumValueTransformer.m */; };
		1A19B8D6122D6AEE00924F72 /* ARTempCategoryTuple.m in Sources */ = {isa = PBXBuildFile; fileRef = 1A19B8D5122D6AEE00924F72 /* ARTempCategoryTuple.m */; };
		1A1CE65A123279D0006FACB9 /* ARBoolValueTransformer.m in Sources */ = {isa = PBXBuildFile; fileRef = 1A1CE659123279D0006FACB9 /* ARBoolValueTransformer.m */; };
		1A1CE79E12329291006FACB9 /* zoom-cursor.png in Resources */ = {isa = PBXBuildFile; fileRef = 1A1CE79D12329291006FACB9 /* zoom-cursor.png */; };
		1A2D2D181223B7580074AE7F /* AppRankingAppDelegate.m in Sources */ = {isa = PBXBuildFile; fileRef = 1A2D2D011223B7580074AE7F /* AppRankingAppDelegate.m */; };
		1A2D2D191223B7580074AE7F /* ARApplication.m in Sources */ = {isa = PBXBuildFile; fileRef = 1A2D2D031223B7580074AE7F /* ARApplication.m */; };
		1A2D2D1A1223B7580074AE7F /* ARCategoryTuple.m in Sources */ = {isa = PBXBuildFile; fileRef = 1A2D2D051223B7580074AE7F /* ARCategoryTuple.m */; };
		1A2D2D1B1223B7580074AE7F /* ARConfiguration.m in Sources */ = {isa = PBXBuildFile; fileRef = 1A2D2D071223B7580074AE7F /* ARConfiguration.m */; };
		1A2D2D1C1223B7580074AE7F /* ARRankQuery.m in Sources */ = {isa = PBXBuildFile; fileRef = 1A2D2D091223B7580074AE7F /* ARRankQuery.m */; };
		1A2D2D1D1223B7580074AE7F /* NSObject+SBJSON.m in Sources */ = {isa = PBXBuildFile; fileRef = 1A2D2D0D1223B7580074AE7F /* NSObject+SBJSON.m */; };
		1A2D2D1E1223B7580074AE7F /* NSString+SBJSON.m in Sources */ = {isa = PBXBuildFile; fileRef = 1A2D2D0F1223B7580074AE7F /* NSString+SBJSON.m */; };
		1A2D2D1F1223B7580074AE7F /* SBJsonBase.m in Sources */ = {isa = PBXBuildFile; fileRef = 1A2D2D111223B7580074AE7F /* SBJsonBase.m */; };
		1A2D2D201223B7580074AE7F /* SBJsonParser.m in Sources */ = {isa = PBXBuildFile; fileRef = 1A2D2D131223B7580074AE7F /* SBJsonParser.m */; };
		1A2D2D211223B7580074AE7F /* SBJsonWriter.m in Sources */ = {isa = PBXBuildFile; fileRef = 1A2D2D151223B7580074AE7F /* SBJsonWriter.m */; };
		1A2D2D221223B7580074AE7F /* SBJSON+Additions.m in Sources */ = {isa = PBXBuildFile; fileRef = 1A2D2D171223B7580074AE7F /* SBJSON+Additions.m */; };
		1A2D2D271223B77A0074AE7F /* app-store-ids.json in Resources */ = {isa = PBXBuildFile; fileRef = 1A2D2D231223B77A0074AE7F /* app-store-ids.json */; };
		1A2D2D291223B77A0074AE7F /* genres.json in Resources */ = {isa = PBXBuildFile; fileRef = 1A2D2D251223B77A0074AE7F /* genres.json */; };
		1A2D2EBD122560460074AE7F /* ARMainViewController.m in Sources */ = {isa = PBXBuildFile; fileRef = 1A2D2EBC122560460074AE7F /* ARMainViewController.m */; };
		1A45D9B3122640D500A1DF36 /* BWToolkitFramework.framework in Frameworks */ = {isa = PBXBuildFile; fileRef = 1A45D9B1122640D500A1DF36 /* BWToolkitFramework.framework */; };
		1A45D9B4122640D500A1DF36 /* Sparkle.framework in Frameworks */ = {isa = PBXBuildFile; fileRef = 1A45D9B2122640D500A1DF36 /* Sparkle.framework */; };
		1A45D9ED122640FE00A1DF36 /* BWToolkitFramework.framework in Copy Frameworks */ = {isa = PBXBuildFile; fileRef = 1A45D9B1122640D500A1DF36 /* BWToolkitFramework.framework */; };
		1A45D9EE122640FE00A1DF36 /* Sparkle.framework in Copy Frameworks */ = {isa = PBXBuildFile; fileRef = 1A45D9B2122640D500A1DF36 /* Sparkle.framework */; };
		1A45D9F51226430400A1DF36 /* dsa_pub.pem in Resources */ = {isa = PBXBuildFile; fileRef = 1A45D9F41226430400A1DF36 /* dsa_pub.pem */; };
		1A5A3C6B122568B800F08485 /* SidebarBadgeCell.m in Sources */ = {isa = PBXBuildFile; fileRef = 1A5A3C68122568B800F08485 /* SidebarBadgeCell.m */; };
		1A5A3C6C122568B800F08485 /* ARTreeNode.m in Sources */ = {isa = PBXBuildFile; fileRef = 1A5A3C6A122568B800F08485 /* ARTreeNode.m */; };
		1A5A3C891225775F00F08485 /* MainView.xib in Resources */ = {isa = PBXBuildFile; fileRef = 1A5A3C881225775F00F08485 /* MainView.xib */; };
		1A5A3CFC1225965A00F08485 /* ARStatusView.m in Sources */ = {isa = PBXBuildFile; fileRef = 1A5A3CFB1225965A00F08485 /* ARStatusView.m */; };
		1A5A3E531225B91A00F08485 /* ARStatusViewController.m in Sources */ = {isa = PBXBuildFile; fileRef = 1A5A3E521225B91A00F08485 /* ARStatusViewController.m */; };
		1A5A3E591225BBB000F08485 /* QuartzCore.framework in Frameworks */ = {isa = PBXBuildFile; fileRef = 1A5A3E581225BBB000F08485 /* QuartzCore.framework */; };
		1A5A3EBC1225C14A00F08485 /* StatusView.xib in Resources */ = {isa = PBXBuildFile; fileRef = 1A5A3EBB1225C14A00F08485 /* StatusView.xib */; };
		1A5A3EC31225C16500F08485 /* icon.icns in Resources */ = {isa = PBXBuildFile; fileRef = 1A5A3EBD1225C16500F08485 /* icon.icns */; };
		1A5A3EC41225C16500F08485 /* info.icns in Resources */ = {isa = PBXBuildFile; fileRef = 1A5A3EBE1225C16500F08485 /* info.icns */; };
		1A5A3EC51225C16500F08485 /* refresh.icns in Resources */ = {isa = PBXBuildFile; fileRef = 1A5A3EBF1225C16500F08485 /* refresh.icns */; };
		1A5A3EC61225C16500F08485 /* status-view-center.png in Resources */ = {isa = PBXBuildFile; fileRef = 1A5A3EC01225C16500F08485 /* status-view-center.png */; };
		1A5A3EC71225C16500F08485 /* status-view-left.png in Resources */ = {isa = PBXBuildFile; fileRef = 1A5A3EC11225C16500F08485 /* status-view-left.png */; };
		1A5A3EC81225C16500F08485 /* status-view-right.png in Resources */ = {isa = PBXBuildFile; fileRef = 1A5A3EC21225C16500F08485 /* status-view-right.png */; };
		1A6633731230F9A000D623D3 /* ARStorageManager+Testing.m in Sources */ = {isa = PBXBuildFile; fileRef = 1A6633721230F9A000D623D3 /* ARStorageManager+Testing.m */; };
		1A66341212310AD500D623D3 /* ARColor.m in Sources */ = {isa = PBXBuildFile; fileRef = 1A66341112310AD500D623D3 /* ARColor.m */; };
		1A6E08CF1233CE4600168560 /* ARStochasticRankGenerator.m in Sources */ = {isa = PBXBuildFile; fileRef = 1A6E08CE1233CE4600168560 /* ARStochasticRankGenerator.m */; };
		1A70CC2D1226D43F0031E8CF /* stop.icns in Resources */ = {isa = PBXBuildFile; fileRef = 1A70CC2C1226D43F0031E8CF /* stop.icns */; };
		1A79EDAB1231525F007C5AC8 /* ARChartImageView.m in Sources */ = {isa = PBXBuildFile; fileRef = 1A79EDAA1231525F007C5AC8 /* ARChartImageView.m */; };
		1AB276D9122E548D006CFC8F /* AppDetailsWindow.xib in Resources */ = {isa = PBXBuildFile; fileRef = 1ABE9A6B1227198D00065E5D /* AppDetailsWindow.xib */; };
		1AB27706122E8185006CFC8F /* ARRankEntry.m in Sources */ = {isa = PBXBuildFile; fileRef = 1AB27705122E8185006CFC8F /* ARRankEntry.m */; };
		1ACEBF36122FDD1C007D5C1A /* ARChart.m in Sources */ = {isa = PBXBuildFile; fileRef = 1ACEBF35122FDD1C007D5C1A /* ARChart.m */; };
		1ACEC0E7123031DC007D5C1A /* ARChartViewController.m in Sources */ = {isa = PBXBuildFile; fileRef = 1ACEC0E6123031DC007D5C1A /* ARChartViewController.m */; };
		1ACEC0EF12303291007D5C1A /* ChartView.xib in Resources */ = {isa = PBXBuildFile; fileRef = 1ACEC0EE12303291007D5C1A /* ChartView.xib */; };
		1ADAFD15122E881F007A2396 /* AppRanking.xcdatamodeld in Sources */ = {isa = PBXBuildFile; fileRef = 1ADAFD14122E881F007A2396 /* AppRanking.xcdatamodeld */; };
		1DDD58160DA1D0A300B32029 /* MainMenu.xib in Resources */ = {isa = PBXBuildFile; fileRef = 1DDD58140DA1D0A300B32029 /* MainMenu.xib */; };
		8D11072B0486CEB800E47090 /* InfoPlist.strings in Resources */ = {isa = PBXBuildFile; fileRef = 089C165CFE840E0CC02AAC07 /* InfoPlist.strings */; };
		8D11072D0486CEB800E47090 /* main.m in Sources */ = {isa = PBXBuildFile; fileRef = 29B97316FDCFA39411CA2CEA /* main.m */; settings = {ATTRIBUTES = (); }; };
		8D11072F0486CEB800E47090 /* Cocoa.framework in Frameworks */ = {isa = PBXBuildFile; fileRef = 1058C7A1FEA54F0111CA2CBB /* Cocoa.framework */; };
/* End PBXBuildFile section */

/* Begin PBXCopyFilesBuildPhase section */
		1A2D2F1B1225632F0074AE7F /* Copy Frameworks */ = {
			isa = PBXCopyFilesBuildPhase;
			buildActionMask = 2147483647;
			dstPath = "";
			dstSubfolderSpec = 10;
			files = (
				1A45D9ED122640FE00A1DF36 /* BWToolkitFramework.framework in Copy Frameworks */,
				1A45D9EE122640FE00A1DF36 /* Sparkle.framework in Copy Frameworks */,
			);
			name = "Copy Frameworks";
			runOnlyForDeploymentPostprocessing = 0;
		};
/* End PBXCopyFilesBuildPhase section */

/* Begin PBXFileReference section */
		089C165DFE840E0CC02AAC07 /* English */ = {isa = PBXFileReference; fileEncoding = 4; lastKnownFileType = text.plist.strings; name = English; path = English.lproj/InfoPlist.strings; sourceTree = "<group>"; };
		1058C7A1FEA54F0111CA2CBB /* Cocoa.framework */ = {isa = PBXFileReference; lastKnownFileType = wrapper.framework; name = Cocoa.framework; path = /System/Library/Frameworks/Cocoa.framework; sourceTree = "<absolute>"; };
		13E42FB307B3F0F600E4EEF1 /* CoreData.framework */ = {isa = PBXFileReference; lastKnownFileType = wrapper.framework; name = CoreData.framework; path = /System/Library/Frameworks/CoreData.framework; sourceTree = "<absolute>"; };
		1A19B624122D115600924F72 /* AppRanking-1.xcdatamodel */ = {isa = PBXFileReference; fileEncoding = 4; lastKnownFileType = wrapper.xcdatamodel; path = "AppRanking-1.xcdatamodel"; sourceTree = "<group>"; };
		1A19B628122D191B00924F72 /* ARStorageManager.h */ = {isa = PBXFileReference; fileEncoding = 4; lastKnownFileType = sourcecode.c.h; path = ARStorageManager.h; sourceTree = "<group>"; };
		1A19B629122D191B00924F72 /* ARStorageManager.m */ = {isa = PBXFileReference; fileEncoding = 4; lastKnownFileType = sourcecode.c.objc; path = ARStorageManager.m; sourceTree = "<group>"; };
		1A19B6E3122D313300924F72 /* ARAppDetailsWindowController.h */ = {isa = PBXFileReference; fileEncoding = 4; lastKnownFileType = sourcecode.c.h; path = ARAppDetailsWindowController.h; sourceTree = "<group>"; };
		1A19B6E4122D313300924F72 /* ARAppDetailsWindowController.m */ = {isa = PBXFileReference; fileEncoding = 4; lastKnownFileType = sourcecode.c.objc; path = ARAppDetailsWindowController.m; sourceTree = "<group>"; };
		1A19B8B0122D62E100924F72 /* AREnumValueTransformer.h */ = {isa = PBXFileReference; fileEncoding = 4; lastKnownFileType = sourcecode.c.h; path = AREnumValueTransformer.h; sourceTree = "<group>"; };
		1A19B8B1122D62E100924F72 /* AREnumValueTransformer.m */ = {isa = PBXFileReference; fileEncoding = 4; lastKnownFileType = sourcecode.c.objc; path = AREnumValueTransformer.m; sourceTree = "<group>"; };
		1A19B8D4122D6AEE00924F72 /* ARTempCategoryTuple.h */ = {isa = PBXFileReference; fileEncoding = 4; lastKnownFileType = sourcecode.c.h; path = ARTempCategoryTuple.h; sourceTree = "<group>"; };
		1A19B8D5122D6AEE00924F72 /* ARTempCategoryTuple.m */ = {isa = PBXFileReference; fileEncoding = 4; lastKnownFileType = sourcecode.c.objc; path = ARTempCategoryTuple.m; sourceTree = "<group>"; };
		1A1CE658123279D0006FACB9 /* ARBoolValueTransformer.h */ = {isa = PBXFileReference; fileEncoding = 4; lastKnownFileType = sourcecode.c.h; path = ARBoolValueTransformer.h; sourceTree = "<group>"; };
		1A1CE659123279D0006FACB9 /* ARBoolValueTransformer.m */ = {isa = PBXFileReference; fileEncoding = 4; lastKnownFileType = sourcecode.c.objc; path = ARBoolValueTransformer.m; sourceTree = "<group>"; };
		1A1CE79D12329291006FACB9 /* zoom-cursor.png */ = {isa = PBXFileReference; lastKnownFileType = image.png; name = "zoom-cursor.png"; path = "Resources/Images/zoom-cursor.png"; sourceTree = "<group>"; };
		1A2D2D001223B7580074AE7F /* AppRankingAppDelegate.h */ = {isa = PBXFileReference; fileEncoding = 4; lastKnownFileType = sourcecode.c.h; path = AppRankingAppDelegate.h; sourceTree = "<group>"; };
		1A2D2D011223B7580074AE7F /* AppRankingAppDelegate.m */ = {isa = PBXFileReference; fileEncoding = 4; lastKnownFileType = sourcecode.c.objc; path = AppRankingAppDelegate.m; sourceTree = "<group>"; };
		1A2D2D021223B7580074AE7F /* ARApplication.h */ = {isa = PBXFileReference; fileEncoding = 4; lastKnownFileType = sourcecode.c.h; path = ARApplication.h; sourceTree = "<group>"; };
		1A2D2D031223B7580074AE7F /* ARApplication.m */ = {isa = PBXFileReference; fileEncoding = 4; lastKnownFileType = sourcecode.c.objc; path = ARApplication.m; sourceTree = "<group>"; };
		1A2D2D041223B7580074AE7F /* ARCategoryTuple.h */ = {isa = PBXFileReference; fileEncoding = 4; lastKnownFileType = sourcecode.c.h; path = ARCategoryTuple.h; sourceTree = "<group>"; };
		1A2D2D051223B7580074AE7F /* ARCategoryTuple.m */ = {isa = PBXFileReference; fileEncoding = 4; lastKnownFileType = sourcecode.c.objc; path = ARCategoryTuple.m; sourceTree = "<group>"; };
		1A2D2D061223B7580074AE7F /* ARConfiguration.h */ = {isa = PBXFileReference; fileEncoding = 4; lastKnownFileType = sourcecode.c.h; path = ARConfiguration.h; sourceTree = "<group>"; };
		1A2D2D071223B7580074AE7F /* ARConfiguration.m */ = {isa = PBXFileReference; fileEncoding = 4; lastKnownFileType = sourcecode.c.objc; path = ARConfiguration.m; sourceTree = "<group>"; };
		1A2D2D081223B7580074AE7F /* ARRankQuery.h */ = {isa = PBXFileReference; fileEncoding = 4; lastKnownFileType = sourcecode.c.h; path = ARRankQuery.h; sourceTree = "<group>"; };
		1A2D2D091223B7580074AE7F /* ARRankQuery.m */ = {isa = PBXFileReference; fileEncoding = 4; lastKnownFileType = sourcecode.c.objc; path = ARRankQuery.m; sourceTree = "<group>"; };
		1A2D2D0B1223B7580074AE7F /* JSON.h */ = {isa = PBXFileReference; fileEncoding = 4; lastKnownFileType = sourcecode.c.h; path = JSON.h; sourceTree = "<group>"; };
		1A2D2D0C1223B7580074AE7F /* NSObject+SBJSON.h */ = {isa = PBXFileReference; fileEncoding = 4; lastKnownFileType = sourcecode.c.h; path = "NSObject+SBJSON.h"; sourceTree = "<group>"; };
		1A2D2D0D1223B7580074AE7F /* NSObject+SBJSON.m */ = {isa = PBXFileReference; fileEncoding = 4; lastKnownFileType = sourcecode.c.objc; path = "NSObject+SBJSON.m"; sourceTree = "<group>"; };
		1A2D2D0E1223B7580074AE7F /* NSString+SBJSON.h */ = {isa = PBXFileReference; fileEncoding = 4; lastKnownFileType = sourcecode.c.h; path = "NSString+SBJSON.h"; sourceTree = "<group>"; };
		1A2D2D0F1223B7580074AE7F /* NSString+SBJSON.m */ = {isa = PBXFileReference; fileEncoding = 4; lastKnownFileType = sourcecode.c.objc; path = "NSString+SBJSON.m"; sourceTree = "<group>"; };
		1A2D2D101223B7580074AE7F /* SBJsonBase.h */ = {isa = PBXFileReference; fileEncoding = 4; lastKnownFileType = sourcecode.c.h; path = SBJsonBase.h; sourceTree = "<group>"; };
		1A2D2D111223B7580074AE7F /* SBJsonBase.m */ = {isa = PBXFileReference; fileEncoding = 4; lastKnownFileType = sourcecode.c.objc; path = SBJsonBase.m; sourceTree = "<group>"; };
		1A2D2D121223B7580074AE7F /* SBJsonParser.h */ = {isa = PBXFileReference; fileEncoding = 4; lastKnownFileType = sourcecode.c.h; path = SBJsonParser.h; sourceTree = "<group>"; };
		1A2D2D131223B7580074AE7F /* SBJsonParser.m */ = {isa = PBXFileReference; fileEncoding = 4; lastKnownFileType = sourcecode.c.objc; path = SBJsonParser.m; sourceTree = "<group>"; };
		1A2D2D141223B7580074AE7F /* SBJsonWriter.h */ = {isa = PBXFileReference; fileEncoding = 4; lastKnownFileType = sourcecode.c.h; path = SBJsonWriter.h; sourceTree = "<group>"; };
		1A2D2D151223B7580074AE7F /* SBJsonWriter.m */ = {isa = PBXFileReference; fileEncoding = 4; lastKnownFileType = sourcecode.c.objc; path = SBJsonWriter.m; sourceTree = "<group>"; };
		1A2D2D161223B7580074AE7F /* SBJSON+Additions.h */ = {isa = PBXFileReference; fileEncoding = 4; lastKnownFileType = sourcecode.c.h; path = "SBJSON+Additions.h"; sourceTree = "<group>"; };
		1A2D2D171223B7580074AE7F /* SBJSON+Additions.m */ = {isa = PBXFileReference; fileEncoding = 4; lastKnownFileType = sourcecode.c.objc; path = "SBJSON+Additions.m"; sourceTree = "<group>"; };
		1A2D2D231223B77A0074AE7F /* app-store-ids.json */ = {isa = PBXFileReference; fileEncoding = 4; lastKnownFileType = text; name = "app-store-ids.json"; path = "Resources/app-store-ids.json"; sourceTree = "<group>"; };
		1A2D2D251223B77A0074AE7F /* genres.json */ = {isa = PBXFileReference; fileEncoding = 4; lastKnownFileType = text; name = genres.json; path = Resources/genres.json; sourceTree = "<group>"; };
		1A2D2EB412255D630074AE7F /* English */ = {isa = PBXFileReference; lastKnownFileType = file.xib; name = English; path = English.lproj/MainView.xib; sourceTree = "<group>"; };
		1A2D2EBB122560460074AE7F /* ARMainViewController.h */ = {isa = PBXFileReference; fileEncoding = 4; lastKnownFileType = sourcecode.c.h; path = ARMainViewController.h; sourceTree = "<group>"; };
		1A2D2EBC122560460074AE7F /* ARMainViewController.m */ = {isa = PBXFileReference; fileEncoding = 4; lastKnownFileType = sourcecode.c.objc; path = ARMainViewController.m; sourceTree = "<group>"; };
		1A45D9B1122640D500A1DF36 /* BWToolkitFramework.framework */ = {isa = PBXFileReference; lastKnownFileType = wrapper.framework; name = BWToolkitFramework.framework; path = Frameworks/BWToolkitFramework.framework; sourceTree = "<group>"; };
		1A45D9B2122640D500A1DF36 /* Sparkle.framework */ = {isa = PBXFileReference; lastKnownFileType = wrapper.framework; name = Sparkle.framework; path = Frameworks/Sparkle.framework; sourceTree = "<group>"; };
		1A45D9F41226430400A1DF36 /* dsa_pub.pem */ = {isa = PBXFileReference; fileEncoding = 4; lastKnownFileType = text; name = dsa_pub.pem; path = Resources/Keys/dsa_pub.pem; sourceTree = "<group>"; };
		1A5A3C67122568B800F08485 /* SidebarBadgeCell.h */ = {isa = PBXFileReference; fileEncoding = 4; lastKnownFileType = sourcecode.c.h; path = SidebarBadgeCell.h; sourceTree = "<group>"; };
		1A5A3C68122568B800F08485 /* SidebarBadgeCell.m */ = {isa = PBXFileReference; fileEncoding = 4; lastKnownFileType = sourcecode.c.objc; path = SidebarBadgeCell.m; sourceTree = "<group>"; };
		1A5A3C69122568B800F08485 /* ARTreeNode.h */ = {isa = PBXFileReference; fileEncoding = 4; lastKnownFileType = sourcecode.c.h; path = ARTreeNode.h; sourceTree = "<group>"; };
		1A5A3C6A122568B800F08485 /* ARTreeNode.m */ = {isa = PBXFileReference; fileEncoding = 4; lastKnownFileType = sourcecode.c.objc; path = ARTreeNode.m; sourceTree = "<group>"; };
		1A5A3CFA1225965A00F08485 /* ARStatusView.h */ = {isa = PBXFileReference; fileEncoding = 4; lastKnownFileType = sourcecode.c.h; path = ARStatusView.h; sourceTree = "<group>"; };
		1A5A3CFB1225965A00F08485 /* ARStatusView.m */ = {isa = PBXFileReference; fileEncoding = 4; lastKnownFileType = sourcecode.c.objc; path = ARStatusView.m; sourceTree = "<group>"; };
		1A5A3E4E1225B81500F08485 /* English */ = {isa = PBXFileReference; lastKnownFileType = file.xib; name = English; path = English.lproj/StatusView.xib; sourceTree = "<group>"; };
		1A5A3E511225B91A00F08485 /* ARStatusViewController.h */ = {isa = PBXFileReference; fileEncoding = 4; lastKnownFileType = sourcecode.c.h; path = ARStatusViewController.h; sourceTree = "<group>"; };
		1A5A3E521225B91A00F08485 /* ARStatusViewController.m */ = {isa = PBXFileReference; fileEncoding = 4; lastKnownFileType = sourcecode.c.objc; path = ARStatusViewController.m; sourceTree = "<group>"; };
		1A5A3E581225BBB000F08485 /* QuartzCore.framework */ = {isa = PBXFileReference; lastKnownFileType = wrapper.framework; name = QuartzCore.framework; path = System/Library/Frameworks/QuartzCore.framework; sourceTree = SDKROOT; };
		1A5A3EBD1225C16500F08485 /* icon.icns */ = {isa = PBXFileReference; lastKnownFileType = image.icns; name = icon.icns; path = Resources/Images/icon.icns; sourceTree = "<group>"; };
		1A5A3EBE1225C16500F08485 /* info.icns */ = {isa = PBXFileReference; lastKnownFileType = image.icns; name = info.icns; path = Resources/Images/info.icns; sourceTree = "<group>"; };
		1A5A3EBF1225C16500F08485 /* refresh.icns */ = {isa = PBXFileReference; lastKnownFileType = image.icns; name = refresh.icns; path = Resources/Images/refresh.icns; sourceTree = "<group>"; };
		1A5A3EC01225C16500F08485 /* status-view-center.png */ = {isa = PBXFileReference; lastKnownFileType = image.png; name = "status-view-center.png"; path = "Resources/Images/status-view-center.png"; sourceTree = "<group>"; };
		1A5A3EC11225C16500F08485 /* status-view-left.png */ = {isa = PBXFileReference; lastKnownFileType = image.png; name = "status-view-left.png"; path = "Resources/Images/status-view-left.png"; sourceTree = "<group>"; };
		1A5A3EC21225C16500F08485 /* status-view-right.png */ = {isa = PBXFileReference; lastKnownFileType = image.png; name = "status-view-right.png"; path = "Resources/Images/status-view-right.png"; sourceTree = "<group>"; };
		1A6633711230F9A000D623D3 /* ARStorageManager+Testing.h */ = {isa = PBXFileReference; fileEncoding = 4; lastKnownFileType = sourcecode.c.h; path = "ARStorageManager+Testing.h"; sourceTree = "<group>"; };
		1A6633721230F9A000D623D3 /* ARStorageManager+Testing.m */ = {isa = PBXFileReference; fileEncoding = 4; lastKnownFileType = sourcecode.c.objc; path = "ARStorageManager+Testing.m"; sourceTree = "<group>"; };
		1A66341012310AD500D623D3 /* ARColor.h */ = {isa = PBXFileReference; fileEncoding = 4; lastKnownFileType = sourcecode.c.h; path = ARColor.h; sourceTree = "<group>"; };
		1A66341112310AD500D623D3 /* ARColor.m */ = {isa = PBXFileReference; fileEncoding = 4; lastKnownFileType = sourcecode.c.objc; path = ARColor.m; sourceTree = "<group>"; };
		1A6E08CD1233CE4600168560 /* ARStochasticRankGenerator.h */ = {isa = PBXFileReference; fileEncoding = 4; lastKnownFileType = sourcecode.c.h; path = ARStochasticRankGenerator.h; sourceTree = "<group>"; };
		1A6E08CE1233CE4600168560 /* ARStochasticRankGenerator.m */ = {isa = PBXFileReference; fileEncoding = 4; lastKnownFileType = sourcecode.c.objc; path = ARStochasticRankGenerator.m; sourceTree = "<group>"; };
		1A70CC2C1226D43F0031E8CF /* stop.icns */ = {isa = PBXFileReference; lastKnownFileType = image.icns; name = stop.icns; path = Resources/Images/stop.icns; sourceTree = "<group>"; };
		1A79EDA91231525F007C5AC8 /* ARChartImageView.h */ = {isa = PBXFileReference; fileEncoding = 4; lastKnownFileType = sourcecode.c.h; path = ARChartImageView.h; sourceTree = "<group>"; };
		1A79EDAA1231525F007C5AC8 /* ARChartImageView.m */ = {isa = PBXFileReference; fileEncoding = 4; lastKnownFileType = sourcecode.c.objc; path = ARChartImageView.m; sourceTree = "<group>"; };
		1AB27704122E8185006CFC8F /* ARRankEntry.h */ = {isa = PBXFileReference; fileEncoding = 4; lastKnownFileType = sourcecode.c.h; path = ARRankEntry.h; sourceTree = "<group>"; };
		1AB27705122E8185006CFC8F /* ARRankEntry.m */ = {isa = PBXFileReference; fileEncoding = 4; lastKnownFileType = sourcecode.c.objc; path = ARRankEntry.m; sourceTree = "<group>"; };
		1ABE9A6B1227198D00065E5D /* AppDetailsWindow.xib */ = {isa = PBXFileReference; lastKnownFileType = file.xib; name = AppDetailsWindow.xib; path = ../AppDetailsWindow.xib; sourceTree = "<group>"; };
		1AC5B1FC1221B80F00999BCF /* SynthesizeSingleton.h */ = {isa = PBXFileReference; fileEncoding = 4; lastKnownFileType = sourcecode.c.h; path = SynthesizeSingleton.h; sourceTree = "<group>"; };
		1ACEBF34122FDD1C007D5C1A /* ARChart.h */ = {isa = PBXFileReference; fileEncoding = 4; lastKnownFileType = sourcecode.c.h; path = ARChart.h; sourceTree = "<group>"; };
		1ACEBF35122FDD1C007D5C1A /* ARChart.m */ = {isa = PBXFileReference; fileEncoding = 4; lastKnownFileType = sourcecode.c.objc; path = ARChart.m; sourceTree = "<group>"; };
		1ACEC0E5123031DC007D5C1A /* ARChartViewController.h */ = {isa = PBXFileReference; fileEncoding = 4; lastKnownFileType = sourcecode.c.h; path = ARChartViewController.h; sourceTree = "<group>"; };
		1ACEC0E6123031DC007D5C1A /* ARChartViewController.m */ = {isa = PBXFileReference; fileEncoding = 4; lastKnownFileType = sourcecode.c.objc; path = ARChartViewController.m; sourceTree = "<group>"; };
		1ACEC0EC12303288007D5C1A /* English */ = {isa = PBXFileReference; lastKnownFileType = file.xib; name = English; path = English.lproj/ChartView.xib; sourceTree = SOURCE_ROOT; };
		1ADAFD54122E8C24007A2396 /* AppRanking-2.xcdatamodel */ = {isa = PBXFileReference; lastKnownFileType = wrapper.xcdatamodel; path = "AppRanking-2.xcdatamodel"; sourceTree = "<group>"; };
		1DDD58150DA1D0A300B32029 /* English */ = {isa = PBXFileReference; lastKnownFileType = file.xib; name = English; path = English.lproj/MainMenu.xib; sourceTree = "<group>"; };
		256AC3F00F4B6AF500CF3369 /* AppRanking_Prefix.pch */ = {isa = PBXFileReference; fileEncoding = 4; lastKnownFileType = sourcecode.c.h; path = AppRanking_Prefix.pch; sourceTree = "<group>"; };
		29B97316FDCFA39411CA2CEA /* main.m */ = {isa = PBXFileReference; fileEncoding = 4; lastKnownFileType = sourcecode.c.objc; path = main.m; sourceTree = "<group>"; };
		29B97324FDCFA39411CA2CEA /* AppKit.framework */ = {isa = PBXFileReference; lastKnownFileType = wrapper.framework; name = AppKit.framework; path = /System/Library/Frameworks/AppKit.framework; sourceTree = "<absolute>"; };
		29B97325FDCFA39411CA2CEA /* Foundation.framework */ = {isa = PBXFileReference; lastKnownFileType = wrapper.framework; name = Foundation.framework; path = /System/Library/Frameworks/Foundation.framework; sourceTree = "<absolute>"; };
		8D1107310486CEB800E47090 /* AppRanking-Info.plist */ = {isa = PBXFileReference; fileEncoding = 4; lastKnownFileType = text.plist.xml; path = "AppRanking-Info.plist"; sourceTree = "<group>"; };
		8D1107320486CEB800E47090 /* AppRanking.app */ = {isa = PBXFileReference; explicitFileType = wrapper.application; includeInIndex = 0; path = AppRanking.app; sourceTree = BUILT_PRODUCTS_DIR; };
/* End PBXFileReference section */

/* Begin PBXFrameworksBuildPhase section */
		8D11072E0486CEB800E47090 /* Frameworks */ = {
			isa = PBXFrameworksBuildPhase;
			buildActionMask = 2147483647;
			files = (
				8D11072F0486CEB800E47090 /* Cocoa.framework in Frameworks */,
				1A5A3E591225BBB000F08485 /* QuartzCore.framework in Frameworks */,
				1A45D9B3122640D500A1DF36 /* BWToolkitFramework.framework in Frameworks */,
				1A45D9B4122640D500A1DF36 /* Sparkle.framework in Frameworks */,
			);
			runOnlyForDeploymentPostprocessing = 0;
		};
/* End PBXFrameworksBuildPhase section */

/* Begin PBXGroup section */
		1058C7A0FEA54F0111CA2CBB /* Linked Frameworks */ = {
			isa = PBXGroup;
			children = (
				1A45D9B1122640D500A1DF36 /* BWToolkitFramework.framework */,
				1A45D9B2122640D500A1DF36 /* Sparkle.framework */,
				1A5A3E581225BBB000F08485 /* QuartzCore.framework */,
				1058C7A1FEA54F0111CA2CBB /* Cocoa.framework */,
			);
			name = "Linked Frameworks";
			sourceTree = "<group>";
		};
		1058C7A2FEA54F0111CA2CBB /* Other Frameworks */ = {
			isa = PBXGroup;
			children = (
				29B97324FDCFA39411CA2CEA /* AppKit.framework */,
				13E42FB307B3F0F600E4EEF1 /* CoreData.framework */,
				29B97325FDCFA39411CA2CEA /* Foundation.framework */,
			);
			name = "Other Frameworks";
			sourceTree = "<group>";
		};
		19C28FACFE9D520D11CA2CBB /* Products */ = {
			isa = PBXGroup;
			children = (
				8D1107320486CEB800E47090 /* AppRanking.app */,
			);
			name = Products;
			sourceTree = "<group>";
		};
		1A19B623122D110300924F72 /* Core Data Model */ = {
			isa = PBXGroup;
			children = (
				1ADAFD14122E881F007A2396 /* AppRanking.xcdatamodeld */,
			);
			name = "Core Data Model";
			sourceTree = "<group>";
		};
		1A19B80B122D4B8900924F72 /* Model */ = {
			isa = PBXGroup;
			children = (
				1A6E08CC1233CE3200168560 /* Testing */,
				1A5A3C69122568B800F08485 /* ARTreeNode.h */,
				1A5A3C6A122568B800F08485 /* ARTreeNode.m */,
				1A2D2D021223B7580074AE7F /* ARApplication.h */,
				1A2D2D031223B7580074AE7F /* ARApplication.m */,
				1A2D2D041223B7580074AE7F /* ARCategoryTuple.h */,
				1A2D2D051223B7580074AE7F /* ARCategoryTuple.m */,
				1A2D2D061223B7580074AE7F /* ARConfiguration.h */,
				1A2D2D071223B7580074AE7F /* ARConfiguration.m */,
				1A2D2D081223B7580074AE7F /* ARRankQuery.h */,
				1A2D2D091223B7580074AE7F /* ARRankQuery.m */,
				1A19B628122D191B00924F72 /* ARStorageManager.h */,
				1A19B629122D191B00924F72 /* ARStorageManager.m */,
				1AB27704122E8185006CFC8F /* ARRankEntry.h */,
				1AB27705122E8185006CFC8F /* ARRankEntry.m */,
			);
			name = Model;
			sourceTree = "<group>";
		};
		1A19B80D122D4BC600924F72 /* Status Toolbar Item */ = {
			isa = PBXGroup;
			children = (
				1A5A3CFA1225965A00F08485 /* ARStatusView.h */,
				1A5A3CFB1225965A00F08485 /* ARStatusView.m */,
				1A5A3E511225B91A00F08485 /* ARStatusViewController.h */,
				1A5A3E521225B91A00F08485 /* ARStatusViewController.m */,
				1A5A3EBB1225C14A00F08485 /* StatusView.xib */,
			);
			name = "Status Toolbar Item";
			sourceTree = "<group>";
		};
		1A19B80E122D4BED00924F72 /* Main View */ = {
			isa = PBXGroup;
			children = (
				1ACEC0E4123031C4007D5C1A /* Charting */,
				1A19B80D122D4BC600924F72 /* Status Toolbar Item */,
				1A2D2D001223B7580074AE7F /* AppRankingAppDelegate.h */,
				1A2D2D011223B7580074AE7F /* AppRankingAppDelegate.m */,
				1DDD58140DA1D0A300B32029 /* MainMenu.xib */,
				1A2D2EBB122560460074AE7F /* ARMainViewController.h */,
				1A2D2EBC122560460074AE7F /* ARMainViewController.m */,
				1A5A3C881225775F00F08485 /* MainView.xib */,
			);
			name = "Main View";
			sourceTree = "<group>";
		};
		1A19B80F122D4C0700924F72 /* AppDetails View */ = {
			isa = PBXGroup;
			children = (
				1A19B6E3122D313300924F72 /* ARAppDetailsWindowController.h */,
				1A19B6E4122D313300924F72 /* ARAppDetailsWindowController.m */,
				1ABE9A6B1227198D00065E5D /* AppDetailsWindow.xib */,
				1A19B8D4122D6AEE00924F72 /* ARTempCategoryTuple.h */,
				1A19B8D5122D6AEE00924F72 /* ARTempCategoryTuple.m */,
			);
			name = "AppDetails View";
			sourceTree = "<group>";
		};
		1A1CE64812327914006FACB9 /* Helper */ = {
			isa = PBXGroup;
			children = (
				1A2D2D161223B7580074AE7F /* SBJSON+Additions.h */,
				1A2D2D171223B7580074AE7F /* SBJSON+Additions.m */,
				1A19B8B0122D62E100924F72 /* AREnumValueTransformer.h */,
				1A19B8B1122D62E100924F72 /* AREnumValueTransformer.m */,
				1A1CE658123279D0006FACB9 /* ARBoolValueTransformer.h */,
				1A1CE659123279D0006FACB9 /* ARBoolValueTransformer.m */,
			);
			name = Helper;
			sourceTree = "<group>";
		};
		1A2D2CFF1223B7580074AE7F /* Classes */ = {
			isa = PBXGroup;
			children = (
				1A1CE64812327914006FACB9 /* Helper */,
				1A19B80B122D4B8900924F72 /* Model */,
				1A19B80E122D4BED00924F72 /* Main View */,
				1A19B80F122D4C0700924F72 /* AppDetails View */,
				1A5A3C6D122568C800F08485 /* Third Party */,
			);
			path = Classes;
			sourceTree = "<group>";
		};
		1A2D2D0A1223B7580074AE7F /* JSON */ = {
			isa = PBXGroup;
			children = (
				1A2D2D0B1223B7580074AE7F /* JSON.h */,
				1A2D2D0C1223B7580074AE7F /* NSObject+SBJSON.h */,
				1A2D2D0D1223B7580074AE7F /* NSObject+SBJSON.m */,
				1A2D2D0E1223B7580074AE7F /* NSString+SBJSON.h */,
				1A2D2D0F1223B7580074AE7F /* NSString+SBJSON.m */,
				1A2D2D101223B7580074AE7F /* SBJsonBase.h */,
				1A2D2D111223B7580074AE7F /* SBJsonBase.m */,
				1A2D2D121223B7580074AE7F /* SBJsonParser.h */,
				1A2D2D131223B7580074AE7F /* SBJsonParser.m */,
				1A2D2D141223B7580074AE7F /* SBJsonWriter.h */,
				1A2D2D151223B7580074AE7F /* SBJsonWriter.m */,
			);
			path = JSON;
			sourceTree = "<group>";
		};
		1A5A3C6D122568C800F08485 /* Third Party */ = {
			isa = PBXGroup;
			children = (
				1A5A3C67122568B800F08485 /* SidebarBadgeCell.h */,
				1A5A3C68122568B800F08485 /* SidebarBadgeCell.m */,
				1A2D2D0A1223B7580074AE7F /* JSON */,
			);
			name = "Third Party";
			sourceTree = "<group>";
		};
		1A5A3EC91225C16E00F08485 /* Images */ = {
			isa = PBXGroup;
			children = (
				1A1CE79D12329291006FACB9 /* zoom-cursor.png */,
				1A70CC2C1226D43F0031E8CF /* stop.icns */,
				1A5A3EBD1225C16500F08485 /* icon.icns */,
				1A5A3EBE1225C16500F08485 /* info.icns */,
				1A5A3EBF1225C16500F08485 /* refresh.icns */,
				1A5A3EC01225C16500F08485 /* status-view-center.png */,
				1A5A3EC11225C16500F08485 /* status-view-left.png */,
				1A5A3EC21225C16500F08485 /* status-view-right.png */,
			);
			name = Images;
			sourceTree = "<group>";
		};
		1A6E08CC1233CE3200168560 /* Testing */ = {
			isa = PBXGroup;
			children = (
				1A6E08CD1233CE4600168560 /* ARStochasticRankGenerator.h */,
				1A6E08CE1233CE4600168560 /* ARStochasticRankGenerator.m */,
				1A6633711230F9A000D623D3 /* ARStorageManager+Testing.h */,
				1A6633721230F9A000D623D3 /* ARStorageManager+Testing.m */,
			);
			name = Testing;
			sourceTree = "<group>";
		};
		1ACEC0E4123031C4007D5C1A /* Charting */ = {
			isa = PBXGroup;
			children = (
				1ACEBF34122FDD1C007D5C1A /* ARChart.h */,
				1ACEBF35122FDD1C007D5C1A /* ARChart.m */,
				1ACEC0E5123031DC007D5C1A /* ARChartViewController.h */,
				1ACEC0E6123031DC007D5C1A /* ARChartViewController.m */,
				1ACEC0EE12303291007D5C1A /* ChartView.xib */,
				1A66341012310AD500D623D3 /* ARColor.h */,
				1A66341112310AD500D623D3 /* ARColor.m */,
				1A79EDA91231525F007C5AC8 /* ARChartImageView.h */,
				1A79EDAA1231525F007C5AC8 /* ARChartImageView.m */,
			);
			name = Charting;
			sourceTree = "<group>";
		};
		29B97314FDCFA39411CA2CEA /* AppRanking */ = {
			isa = PBXGroup;
			children = (
				1A19B623122D110300924F72 /* Core Data Model */,
				1A2D2CFF1223B7580074AE7F /* Classes */,
				29B97315FDCFA39411CA2CEA /* Other Sources */,
				29B97317FDCFA39411CA2CEA /* Resources */,
				29B97323FDCFA39411CA2CEA /* Frameworks */,
				19C28FACFE9D520D11CA2CBB /* Products */,
			);
			name = AppRanking;
			sourceTree = "<group>";
		};
		29B97315FDCFA39411CA2CEA /* Other Sources */ = {
			isa = PBXGroup;
			children = (
				256AC3F00F4B6AF500CF3369 /* AppRanking_Prefix.pch */,
				29B97316FDCFA39411CA2CEA /* main.m */,
				1AC5B1FC1221B80F00999BCF /* SynthesizeSingleton.h */,
			);
			name = "Other Sources";
			sourceTree = "<group>";
		};
		29B97317FDCFA39411CA2CEA /* Resources */ = {
			isa = PBXGroup;
			children = (
				1A45D9F41226430400A1DF36 /* dsa_pub.pem */,
				1A5A3EC91225C16E00F08485 /* Images */,
				1A2D2D231223B77A0074AE7F /* app-store-ids.json */,
				1A2D2D251223B77A0074AE7F /* genres.json */,
				8D1107310486CEB800E47090 /* AppRanking-Info.plist */,
				089C165CFE840E0CC02AAC07 /* InfoPlist.strings */,
			);
			name = Resources;
			sourceTree = "<group>";
		};
		29B97323FDCFA39411CA2CEA /* Frameworks */ = {
			isa = PBXGroup;
			children = (
				1058C7A0FEA54F0111CA2CBB /* Linked Frameworks */,
				1058C7A2FEA54F0111CA2CBB /* Other Frameworks */,
			);
			name = Frameworks;
			sourceTree = "<group>";
		};
/* End PBXGroup section */

/* Begin PBXNativeTarget section */
		8D1107260486CEB800E47090 /* AppRanking */ = {
			isa = PBXNativeTarget;
			buildConfigurationList = C01FCF4A08A954540054247B /* Build configuration list for PBXNativeTarget "AppRanking" */;
			buildPhases = (
				8D1107290486CEB800E47090 /* Resources */,
				8D11072C0486CEB800E47090 /* Sources */,
				8D11072E0486CEB800E47090 /* Frameworks */,
				1A2D2F1B1225632F0074AE7F /* Copy Frameworks */,
			);
			buildRules = (
			);
			dependencies = (
			);
			name = AppRanking;
			productInstallPath = "$(HOME)/Applications";
			productName = AppRanking;
			productReference = 8D1107320486CEB800E47090 /* AppRanking.app */;
			productType = "com.apple.product-type.application";
		};
/* End PBXNativeTarget section */

/* Begin PBXProject section */
		29B97313FDCFA39411CA2CEA /* Project object */ = {
			isa = PBXProject;
			buildConfigurationList = C01FCF4E08A954540054247B /* Build configuration list for PBXProject "AppRanking" */;
			compatibilityVersion = "Xcode 3.1";
			developmentRegion = English;
			hasScannedForEncodings = 1;
			knownRegions = (
				en,
			);
			mainGroup = 29B97314FDCFA39411CA2CEA /* AppRanking */;
			projectDirPath = "";
			projectRoot = "";
			targets = (
				8D1107260486CEB800E47090 /* AppRanking */,
			);
		};
/* End PBXProject section */

/* Begin PBXResourcesBuildPhase section */
		8D1107290486CEB800E47090 /* Resources */ = {
			isa = PBXResourcesBuildPhase;
			buildActionMask = 2147483647;
			files = (
				1DDD58160DA1D0A300B32029 /* MainMenu.xib in Resources */,
				1A5A3C891225775F00F08485 /* MainView.xib in Resources */,
				1A5A3EBC1225C14A00F08485 /* StatusView.xib in Resources */,
				1AB276D9122E548D006CFC8F /* AppDetailsWindow.xib in Resources */,
				8D11072B0486CEB800E47090 /* InfoPlist.strings in Resources */,
				1A2D2D271223B77A0074AE7F /* app-store-ids.json in Resources */,
				1A2D2D291223B77A0074AE7F /* genres.json in Resources */,
				1A5A3EC31225C16500F08485 /* icon.icns in Resources */,
				1A5A3EC41225C16500F08485 /* info.icns in Resources */,
				1A70CC2D1226D43F0031E8CF /* stop.icns in Resources */,
				1A5A3EC51225C16500F08485 /* refresh.icns in Resources */,
				1A5A3EC61225C16500F08485 /* status-view-center.png in Resources */,
				1A5A3EC71225C16500F08485 /* status-view-left.png in Resources */,
				1A5A3EC81225C16500F08485 /* status-view-right.png in Resources */,
				1A45D9F51226430400A1DF36 /* dsa_pub.pem in Resources */,
				1ACEC0EF12303291007D5C1A /* ChartView.xib in Resources */,
				1A1CE79E12329291006FACB9 /* zoom-cursor.png in Resources */,
			);
			runOnlyForDeploymentPostprocessing = 0;
		};
/* End PBXResourcesBuildPhase section */

/* Begin PBXSourcesBuildPhase section */
		8D11072C0486CEB800E47090 /* Sources */ = {
			isa = PBXSourcesBuildPhase;
			buildActionMask = 2147483647;
			files = (
				8D11072D0486CEB800E47090 /* main.m in Sources */,
				1A2D2D181223B7580074AE7F /* AppRankingAppDelegate.m in Sources */,
				1A2D2D191223B7580074AE7F /* ARApplication.m in Sources */,
				1A2D2D1A1223B7580074AE7F /* ARCategoryTuple.m in Sources */,
				1A2D2D1B1223B7580074AE7F /* ARConfiguration.m in Sources */,
				1A2D2D1C1223B7580074AE7F /* ARRankQuery.m in Sources */,
				1A2D2D1D1223B7580074AE7F /* NSObject+SBJSON.m in Sources */,
				1A2D2D1E1223B7580074AE7F /* NSString+SBJSON.m in Sources */,
				1A2D2D1F1223B7580074AE7F /* SBJsonBase.m in Sources */,
				1A2D2D201223B7580074AE7F /* SBJsonParser.m in Sources */,
				1A2D2D211223B7580074AE7F /* SBJsonWriter.m in Sources */,
				1A2D2D221223B7580074AE7F /* SBJSON+Additions.m in Sources */,
				1A2D2EBD122560460074AE7F /* ARMainViewController.m in Sources */,
				1A5A3C6B122568B800F08485 /* SidebarBadgeCell.m in Sources */,
				1A5A3C6C122568B800F08485 /* ARTreeNode.m in Sources */,
				1A5A3CFC1225965A00F08485 /* ARStatusView.m in Sources */,
				1A5A3E531225B91A00F08485 /* ARStatusViewController.m in Sources */,
				1ADAFD15122E881F007A2396 /* AppRanking.xcdatamodeld in Sources */,
				1A19B62A122D191B00924F72 /* ARStorageManager.m in Sources */,
				1A19B6E5122D313300924F72 /* ARAppDetailsWindowController.m in Sources */,
				1A19B8B2122D62E100924F72 /* AREnumValueTransformer.m in Sources */,
				1A19B8D6122D6AEE00924F72 /* ARTempCategoryTuple.m in Sources */,
				1AB27706122E8185006CFC8F /* ARRankEntry.m in Sources */,
				1ACEBF36122FDD1C007D5C1A /* ARChart.m in Sources */,
				1ACEC0E7123031DC007D5C1A /* ARChartViewController.m in Sources */,
				1A6633731230F9A000D623D3 /* ARStorageManager+Testing.m in Sources */,
				1A66341212310AD500D623D3 /* ARColor.m in Sources */,
				1A79EDAB1231525F007C5AC8 /* ARChartImageView.m in Sources */,
				1A1CE65A123279D0006FACB9 /* ARBoolValueTransformer.m in Sources */,
				1A6E08CF1233CE4600168560 /* ARStochasticRankGenerator.m in Sources */,
			);
			runOnlyForDeploymentPostprocessing = 0;
		};
/* End PBXSourcesBuildPhase section */

/* Begin PBXVariantGroup section */
		089C165CFE840E0CC02AAC07 /* InfoPlist.strings */ = {
			isa = PBXVariantGroup;
			children = (
				089C165DFE840E0CC02AAC07 /* English */,
			);
			name = InfoPlist.strings;
			sourceTree = "<group>";
		};
		1A5A3C881225775F00F08485 /* MainView.xib */ = {
			isa = PBXVariantGroup;
			children = (
				1A2D2EB412255D630074AE7F /* English */,
			);
			name = MainView.xib;
			path = ..;
			sourceTree = "<group>";
		};
		1A5A3EBB1225C14A00F08485 /* StatusView.xib */ = {
			isa = PBXVariantGroup;
			children = (
				1A5A3E4E1225B81500F08485 /* English */,
			);
			name = StatusView.xib;
			path = ..;
			sourceTree = "<group>";
		};
		1ACEC0EE12303291007D5C1A /* ChartView.xib */ = {
			isa = PBXVariantGroup;
			children = (
				1ACEC0EC12303288007D5C1A /* English */,
			);
			name = ChartView.xib;
			sourceTree = "<group>";
		};
		1DDD58140DA1D0A300B32029 /* MainMenu.xib */ = {
			isa = PBXVariantGroup;
			children = (
				1DDD58150DA1D0A300B32029 /* English */,
			);
			name = MainMenu.xib;
			path = ..;
			sourceTree = "<group>";
		};
/* End PBXVariantGroup section */

/* Begin XCBuildConfiguration section */
		C01FCF4B08A954540054247B /* Debug */ = {
			isa = XCBuildConfiguration;
			buildSettings = {
				ALWAYS_SEARCH_USER_PATHS = NO;
				COPY_PHASE_STRIP = NO;
				FRAMEWORK_SEARCH_PATHS = (
					"$(inherited)",
					"\"$(SRCROOT)\"",
					"\"$(SRCROOT)/Frameworks\"",
				);
				GCC_DYNAMIC_NO_PIC = NO;
				GCC_ENABLE_FIX_AND_CONTINUE = YES;
				GCC_MODEL_TUNING = G5;
				GCC_OPTIMIZATION_LEVEL = 0;
				GCC_PRECOMPILE_PREFIX_HEADER = YES;
				GCC_PREFIX_HEADER = AppRanking_Prefix.pch;
				INFOPLIST_FILE = "AppRanking-Info.plist";
				INSTALL_PATH = "$(HOME)/Applications";
				PRODUCT_NAME = AppRanking;
			};
			name = Debug;
		};
		C01FCF4C08A954540054247B /* Release */ = {
			isa = XCBuildConfiguration;
			buildSettings = {
				ALWAYS_SEARCH_USER_PATHS = NO;
				DEBUG_INFORMATION_FORMAT = "dwarf-with-dsym";
				FRAMEWORK_SEARCH_PATHS = (
					"$(inherited)",
					"\"$(SRCROOT)\"",
					"\"$(SRCROOT)/Frameworks\"",
				);
				GCC_MODEL_TUNING = G5;
				GCC_PRECOMPILE_PREFIX_HEADER = YES;
				GCC_PREFIX_HEADER = AppRanking_Prefix.pch;
				INFOPLIST_FILE = "AppRanking-Info.plist";
				INSTALL_PATH = "$(HOME)/Applications";
				PRODUCT_NAME = AppRanking;
			};
			name = Release;
		};
		C01FCF4F08A954540054247B /* Debug */ = {
			isa = XCBuildConfiguration;
			buildSettings = {
				ARCHS = "$(ARCHS_STANDARD_64_BIT)";
				GCC_C_LANGUAGE_STANDARD = gnu99;
				GCC_OPTIMIZATION_LEVEL = 0;
				GCC_VERSION = com.apple.compilers.llvm.clang.1_0;
				GCC_WARN_ABOUT_RETURN_TYPE = YES;
				GCC_WARN_UNUSED_VARIABLE = YES;
				MACOSX_DEPLOYMENT_TARGET = 10.6;
				ONLY_ACTIVE_ARCH = NO;
				PREBINDING = NO;
				RUN_CLANG_STATIC_ANALYZER = YES;
				SDKROOT = macosx10.6;
				VALID_ARCHS = "i386 ppc ppc64 x86_64";
			};
			name = Debug;
		};
		C01FCF5008A954540054247B /* Release */ = {
			isa = XCBuildConfiguration;
			buildSettings = {
				ARCHS = "$(ARCHS_STANDARD_64_BIT)";
				GCC_C_LANGUAGE_STANDARD = gnu99;
				GCC_VERSION = com.apple.compilers.llvm.clang.1_0;
				GCC_WARN_ABOUT_RETURN_TYPE = YES;
				GCC_WARN_UNUSED_VARIABLE = YES;
				MACOSX_DEPLOYMENT_TARGET = 10.6;
				ONLY_ACTIVE_ARCH = NO;
				PREBINDING = NO;
				RUN_CLANG_STATIC_ANALYZER = YES;
				SDKROOT = macosx10.6;
				VALID_ARCHS = "i386 ppc ppc64 x86_64";
			};
			name = Release;
		};
/* End XCBuildConfiguration section */

/* Begin XCConfigurationList section */
		C01FCF4A08A954540054247B /* Build configuration list for PBXNativeTarget "AppRanking" */ = {
			isa = XCConfigurationList;
			buildConfigurations = (
				C01FCF4B08A954540054247B /* Debug */,
				C01FCF4C08A954540054247B /* Release */,
			);
			defaultConfigurationIsVisible = 0;
			defaultConfigurationName = Release;
		};
		C01FCF4E08A954540054247B /* Build configuration list for PBXProject "AppRanking" */ = {
			isa = XCConfigurationList;
			buildConfigurations = (
				C01FCF4F08A954540054247B /* Debug */,
				C01FCF5008A954540054247B /* Release */,
			);
			defaultConfigurationIsVisible = 0;
			defaultConfigurationName = Release;
		};
/* End XCConfigurationList section */

/* Begin XCVersionGroup section */
		1ADAFD14122E881F007A2396 /* AppRanking.xcdatamodeld */ = {
			isa = XCVersionGroup;
			children = (
				1A19B624122D115600924F72 /* AppRanking-1.xcdatamodel */,
				1ADAFD54122E8C24007A2396 /* AppRanking-2.xcdatamodel */,
			);
			currentVersion = 1ADAFD54122E8C24007A2396 /* AppRanking-2.xcdatamodel */;
			path = AppRanking.xcdatamodeld;
			sourceTree = "<group>";
			versionGroupType = wrapper.xcdatamodel;
		};
/* End XCVersionGroup section */
	};
	rootObject = 29B97313FDCFA39411CA2CEA /* Project object */;
}
